{
  "pins" : [
    {
      "identity" : "alamofire",
      "kind" : "remoteSourceControl",
      "location" : "https://github.com/Alamofire/Alamofire",
      "state" : {
        "branch" : "master",
        "revision" : "e68cfdf9c5aa4e69f675198a3cf8bef72c7cdede"
      }
    },
    {
      "identity" : "kingfisher",
      "kind" : "remoteSourceControl",
      "location" : "https://github.com/onevcat/Kingfisher",
      "state" : {
        "branch" : "master",
        "revision" : "7f6331da4d0fcebec4996e9a64d072f467be932d"
      }
    },
    {
      "identity" : "uiwindowtransitions",
      "kind" : "remoteSourceControl",
      "location" : "https://github.com/malcommac/UIWindowTransitions",
      "state" : {
        "revision" : "9fae35fc44e2742cb12f640afbad6111355bda85",
        "version" : "1.0.0"
      }
    },
    {
      "identity" : "wrappinghstack",
      "kind" : "remoteSourceControl",
      "location" : "https://github.com/dkk/WrappingHStack.git",
      "state" : {
        "revision" : "44987fbb01112e6ec72098dc6481187dd53ad4d2",
        "version" : "2.2.9"
      }
    }
  ],
  "version" : 2
}
