// !$*UTF8*$!
{
	archiveVersion = 1;
	classes = {
	};
	objectVersion = 56;
	objects = {

/* Begin PBXBuildFile section */
		5403AEDA2957252B00FB7253 /* Pretendard-Bold.ttf in Resources */ = {isa = PBXBuildFile; fileRef = 5403AED12957252B00FB7253 /* Pretendard-Bold.ttf */; };
		5403AEDB2957252B00FB7253 /* Pretendard-Light.ttf in Resources */ = {isa = PBXBuildFile; fileRef = 5403AED22957252B00FB7253 /* Pretendard-Light.ttf */; };
		5403AEDC2957252B00FB7253 /* Pretendard-Thin.ttf in Resources */ = {isa = PBXBuildFile; fileRef = 5403AED32957252B00FB7253 /* Pretendard-Thin.ttf */; };
		5403AEDD2957252B00FB7253 /* Pretendard-Regular.ttf in Resources */ = {isa = PBXBuildFile; fileRef = 5403AED42957252B00FB7253 /* Pretendard-Regular.ttf */; };
		5403AEDE2957252B00FB7253 /* Pretendard-Medium.ttf in Resources */ = {isa = PBXBuildFile; fileRef = 5403AED52957252B00FB7253 /* Pretendard-Medium.ttf */; };
		5403AEDF2957252B00FB7253 /* Pretendard-ExtraBold.ttf in Resources */ = {isa = PBXBuildFile; fileRef = 5403AED62957252B00FB7253 /* Pretendard-ExtraBold.ttf */; };
		5403AEE02957252B00FB7253 /* Pretendard-Black.ttf in Resources */ = {isa = PBXBuildFile; fileRef = 5403AED72957252B00FB7253 /* Pretendard-Black.ttf */; };
		5403AEE12957252B00FB7253 /* Pretendard-ExtraLight.ttf in Resources */ = {isa = PBXBuildFile; fileRef = 5403AED82957252B00FB7253 /* Pretendard-ExtraLight.ttf */; };
		5403AEE22957252B00FB7253 /* Pretendard-SemiBold.ttf in Resources */ = {isa = PBXBuildFile; fileRef = 5403AED92957252B00FB7253 /* Pretendard-SemiBold.ttf */; };
		5403AEE82957275C00FB7253 /* FontExtension.swift in Sources */ = {isa = PBXBuildFile; fileRef = 5403AEE72957275B00FB7253 /* FontExtension.swift */; };
		5403AEEA295729C500FB7253 /* ColorExtension.swift in Sources */ = {isa = PBXBuildFile; fileRef = 5403AEE9295729C500FB7253 /* ColorExtension.swift */; };
		54126CB429581F56009D5A09 /* TextFieldWithTitle.swift in Sources */ = {isa = PBXBuildFile; fileRef = 54126CB329581F56009D5A09 /* TextFieldWithTitle.swift */; };
		54126CB82958356D009D5A09 /* SecureFieldWithTitle.swift in Sources */ = {isa = PBXBuildFile; fileRef = 54126CB72958356D009D5A09 /* SecureFieldWithTitle.swift */; };
		54126CBA29584327009D5A09 /* ImageExtension.swift in Sources */ = {isa = PBXBuildFile; fileRef = 54126CB929584327009D5A09 /* ImageExtension.swift */; };
		54126CC129585BD6009D5A09 /* LoginView.swift in Sources */ = {isa = PBXBuildFile; fileRef = 54126CC029585BD6009D5A09 /* LoginView.swift */; };
		545AC7D4295B3A23002D6853 /* InputPasswordView.swift in Sources */ = {isa = PBXBuildFile; fileRef = 545AC7D3295B3A23002D6853 /* InputPasswordView.swift */; };
		54CC11E629571E52007DAD20 /* PyeonHaeApp.swift in Sources */ = {isa = PBXBuildFile; fileRef = 54CC11E529571E52007DAD20 /* PyeonHaeApp.swift */; };
		54CC11E829571E52007DAD20 /* ContentView.swift in Sources */ = {isa = PBXBuildFile; fileRef = 54CC11E729571E52007DAD20 /* ContentView.swift */; };
		54CC11EA29571E54007DAD20 /* Assets.xcassets in Resources */ = {isa = PBXBuildFile; fileRef = 54CC11E929571E54007DAD20 /* Assets.xcassets */; };
		54CC11ED29571E54007DAD20 /* Preview Assets.xcassets in Resources */ = {isa = PBXBuildFile; fileRef = 54CC11EC29571E54007DAD20 /* Preview Assets.xcassets */; };
/* End PBXBuildFile section */

/* Begin PBXFileReference section */
		5403AECF2957247400FB7253 /* Info.plist */ = {isa = PBXFileReference; lastKnownFileType = text.plist; path = Info.plist; sourceTree = "<group>"; };
		5403AED12957252B00FB7253 /* Pretendard-Bold.ttf */ = {isa = PBXFileReference; lastKnownFileType = file; path = "Pretendard-Bold.ttf"; sourceTree = "<group>"; };
		5403AED22957252B00FB7253 /* Pretendard-Light.ttf */ = {isa = PBXFileReference; lastKnownFileType = file; path = "Pretendard-Light.ttf"; sourceTree = "<group>"; };
		5403AED32957252B00FB7253 /* Pretendard-Thin.ttf */ = {isa = PBXFileReference; lastKnownFileType = file; path = "Pretendard-Thin.ttf"; sourceTree = "<group>"; };
		5403AED42957252B00FB7253 /* Pretendard-Regular.ttf */ = {isa = PBXFileReference; lastKnownFileType = file; path = "Pretendard-Regular.ttf"; sourceTree = "<group>"; };
		5403AED52957252B00FB7253 /* Pretendard-Medium.ttf */ = {isa = PBXFileReference; lastKnownFileType = file; path = "Pretendard-Medium.ttf"; sourceTree = "<group>"; };
		5403AED62957252B00FB7253 /* Pretendard-ExtraBold.ttf */ = {isa = PBXFileReference; lastKnownFileType = file; path = "Pretendard-ExtraBold.ttf"; sourceTree = "<group>"; };
		5403AED72957252B00FB7253 /* Pretendard-Black.ttf */ = {isa = PBXFileReference; lastKnownFileType = file; path = "Pretendard-Black.ttf"; sourceTree = "<group>"; };
		5403AED82957252B00FB7253 /* Pretendard-ExtraLight.ttf */ = {isa = PBXFileReference; lastKnownFileType = file; path = "Pretendard-ExtraLight.ttf"; sourceTree = "<group>"; };
		5403AED92957252B00FB7253 /* Pretendard-SemiBold.ttf */ = {isa = PBXFileReference; lastKnownFileType = file; path = "Pretendard-SemiBold.ttf"; sourceTree = "<group>"; };
		5403AEE72957275B00FB7253 /* FontExtension.swift */ = {isa = PBXFileReference; lastKnownFileType = sourcecode.swift; path = FontExtension.swift; sourceTree = "<group>"; };
		5403AEE9295729C500FB7253 /* ColorExtension.swift */ = {isa = PBXFileReference; lastKnownFileType = sourcecode.swift; path = ColorExtension.swift; sourceTree = "<group>"; };
		54126CB329581F56009D5A09 /* TextFieldWithTitle.swift */ = {isa = PBXFileReference; lastKnownFileType = sourcecode.swift; path = TextFieldWithTitle.swift; sourceTree = "<group>"; };
		54126CB72958356D009D5A09 /* SecureFieldWithTitle.swift */ = {isa = PBXFileReference; lastKnownFileType = sourcecode.swift; path = SecureFieldWithTitle.swift; sourceTree = "<group>"; };
		54126CB929584327009D5A09 /* ImageExtension.swift */ = {isa = PBXFileReference; lastKnownFileType = sourcecode.swift; path = ImageExtension.swift; sourceTree = "<group>"; };
		54126CC029585BD6009D5A09 /* LoginView.swift */ = {isa = PBXFileReference; lastKnownFileType = sourcecode.swift; path = LoginView.swift; sourceTree = "<group>"; };
		545AC7D3295B3A23002D6853 /* InputPasswordView.swift */ = {isa = PBXFileReference; lastKnownFileType = sourcecode.swift; path = InputPasswordView.swift; sourceTree = "<group>"; };
		54CC11E229571E52007DAD20 /* PyeonHae.app */ = {isa = PBXFileReference; explicitFileType = wrapper.application; includeInIndex = 0; path = PyeonHae.app; sourceTree = BUILT_PRODUCTS_DIR; };
		54CC11E529571E52007DAD20 /* PyeonHaeApp.swift */ = {isa = PBXFileReference; lastKnownFileType = sourcecode.swift; path = PyeonHaeApp.swift; sourceTree = "<group>"; };
		54CC11E729571E52007DAD20 /* ContentView.swift */ = {isa = PBXFileReference; lastKnownFileType = sourcecode.swift; path = ContentView.swift; sourceTree = "<group>"; };
		54CC11E929571E54007DAD20 /* Assets.xcassets */ = {isa = PBXFileReference; lastKnownFileType = folder.assetcatalog; path = Assets.xcassets; sourceTree = "<group>"; };
		54CC11EC29571E54007DAD20 /* Preview Assets.xcassets */ = {isa = PBXFileReference; lastKnownFileType = folder.assetcatalog; path = "Preview Assets.xcassets"; sourceTree = "<group>"; };
/* End PBXFileReference section */

/* Begin PBXFrameworksBuildPhase section */
		54CC11DF29571E52007DAD20 /* Frameworks */ = {
			isa = PBXFrameworksBuildPhase;
			buildActionMask = 2147483647;
			files = (
			);
			runOnlyForDeploymentPostprocessing = 0;
		};
/* End PBXFrameworksBuildPhase section */

/* Begin PBXGroup section */
		5403AEBB295723E800FB7253 /* Resources */ = {
			isa = PBXGroup;
			children = (
				54CC11E929571E54007DAD20 /* Assets.xcassets */,
				5403AED02957251100FB7253 /* Fonts */,
			);
			path = Resources;
			sourceTree = "<group>";
		};
		5403AED02957251100FB7253 /* Fonts */ = {
			isa = PBXGroup;
			children = (
				5403AED72957252B00FB7253 /* Pretendard-Black.ttf */,
				5403AED12957252B00FB7253 /* Pretendard-Bold.ttf */,
				5403AED62957252B00FB7253 /* Pretendard-ExtraBold.ttf */,
				5403AED82957252B00FB7253 /* Pretendard-ExtraLight.ttf */,
				5403AED22957252B00FB7253 /* Pretendard-Light.ttf */,
				5403AED52957252B00FB7253 /* Pretendard-Medium.ttf */,
				5403AED42957252B00FB7253 /* Pretendard-Regular.ttf */,
				5403AED92957252B00FB7253 /* Pretendard-SemiBold.ttf */,
				5403AED32957252B00FB7253 /* Pretendard-Thin.ttf */,
			);
			path = Fonts;
			sourceTree = "<group>";
		};
		5403AEE62957274700FB7253 /* Extensions */ = {
			isa = PBXGroup;
			children = (
				5403AEE72957275B00FB7253 /* FontExtension.swift */,
				5403AEE9295729C500FB7253 /* ColorExtension.swift */,
				54126CB929584327009D5A09 /* ImageExtension.swift */,
			);
			path = Extensions;
			sourceTree = "<group>";
		};
		54126CB229581D21009D5A09 /* ReusableUI */ = {
			isa = PBXGroup;
			children = (
				54126CB329581F56009D5A09 /* TextFieldWithTitle.swift */,
				54126CB72958356D009D5A09 /* SecureFieldWithTitle.swift */,
			);
			path = ReusableUI;
			sourceTree = "<group>";
		};
		54126CBC29585BA3009D5A09 /* Views */ = {
			isa = PBXGroup;
			children = (
				54126CBD29585BA7009D5A09 /* Login */,
			);
			path = Views;
			sourceTree = "<group>";
		};
		54126CBD29585BA7009D5A09 /* Login */ = {
			isa = PBXGroup;
			children = (
				54126CC029585BD6009D5A09 /* LoginView.swift */,
				545AC7D3295B3A23002D6853 /* InputPasswordView.swift */,
			);
			path = Login;
			sourceTree = "<group>";
		};
		54CC11D929571E52007DAD20 = {
			isa = PBXGroup;
			children = (
				54CC11E429571E52007DAD20 /* PyeonHae */,
				54CC11E329571E52007DAD20 /* Products */,
			);
			sourceTree = "<group>";
		};
		54CC11E329571E52007DAD20 /* Products */ = {
			isa = PBXGroup;
			children = (
				54CC11E229571E52007DAD20 /* PyeonHae.app */,
			);
			name = Products;
			sourceTree = "<group>";
		};
		54CC11E429571E52007DAD20 /* PyeonHae */ = {
			isa = PBXGroup;
			children = (
				54126CBC29585BA3009D5A09 /* Views */,
				5403AEBB295723E800FB7253 /* Resources */,
				54126CB229581D21009D5A09 /* ReusableUI */,
				5403AEE62957274700FB7253 /* Extensions */,
				5403AECF2957247400FB7253 /* Info.plist */,
				54CC11E529571E52007DAD20 /* PyeonHaeApp.swift */,
				54CC11E729571E52007DAD20 /* ContentView.swift */,
				54CC11EB29571E54007DAD20 /* Preview Content */,
			);
			path = PyeonHae;
			sourceTree = "<group>";
		};
		54CC11EB29571E54007DAD20 /* Preview Content */ = {
			isa = PBXGroup;
			children = (
				54CC11EC29571E54007DAD20 /* Preview Assets.xcassets */,
			);
			path = "Preview Content";
			sourceTree = "<group>";
		};
/* End PBXGroup section */

/* Begin PBXNativeTarget section */
		54CC11E129571E52007DAD20 /* PyeonHae */ = {
			isa = PBXNativeTarget;
			buildConfigurationList = 54CC11F029571E54007DAD20 /* Build configuration list for PBXNativeTarget "PyeonHae" */;
			buildPhases = (
				54CC11DE29571E52007DAD20 /* Sources */,
				54CC11DF29571E52007DAD20 /* Frameworks */,
				54CC11E029571E52007DAD20 /* Resources */,
			);
			buildRules = (
			);
			dependencies = (
			);
			name = PyeonHae;
			productName = PyeonHae;
			productReference = 54CC11E229571E52007DAD20 /* PyeonHae.app */;
			productType = "com.apple.product-type.application";
		};
/* End PBXNativeTarget section */

/* Begin PBXProject section */
		54CC11DA29571E52007DAD20 /* Project object */ = {
			isa = PBXProject;
			attributes = {
				BuildIndependentTargetsInParallel = 1;
				LastSwiftUpdateCheck = 1410;
				LastUpgradeCheck = 1410;
				TargetAttributes = {
					54CC11E129571E52007DAD20 = {
						CreatedOnToolsVersion = 14.1;
					};
				};
			};
			buildConfigurationList = 54CC11DD29571E52007DAD20 /* Build configuration list for PBXProject "PyeonHae" */;
			compatibilityVersion = "Xcode 14.0";
			developmentRegion = en;
			hasScannedForEncodings = 0;
			knownRegions = (
				en,
				Base,
			);
			mainGroup = 54CC11D929571E52007DAD20;
			productRefGroup = 54CC11E329571E52007DAD20 /* Products */;
			projectDirPath = "";
			projectRoot = "";
			targets = (
				54CC11E129571E52007DAD20 /* PyeonHae */,
			);
		};
/* End PBXProject section */

/* Begin PBXResourcesBuildPhase section */
		54CC11E029571E52007DAD20 /* Resources */ = {
			isa = PBXResourcesBuildPhase;
			buildActionMask = 2147483647;
			files = (
				54CC11ED29571E54007DAD20 /* Preview Assets.xcassets in Resources */,
				5403AEDC2957252B00FB7253 /* Pretendard-Thin.ttf in Resources */,
				5403AEDD2957252B00FB7253 /* Pretendard-Regular.ttf in Resources */,
				5403AEDA2957252B00FB7253 /* Pretendard-Bold.ttf in Resources */,
				5403AEDB2957252B00FB7253 /* Pretendard-Light.ttf in Resources */,
				5403AEE22957252B00FB7253 /* Pretendard-SemiBold.ttf in Resources */,
				5403AEDE2957252B00FB7253 /* Pretendard-Medium.ttf in Resources */,
				54CC11EA29571E54007DAD20 /* Assets.xcassets in Resources */,
				5403AEE12957252B00FB7253 /* Pretendard-ExtraLight.ttf in Resources */,
				5403AEDF2957252B00FB7253 /* Pretendard-ExtraBold.ttf in Resources */,
				5403AEE02957252B00FB7253 /* Pretendard-Black.ttf in Resources */,
			);
			runOnlyForDeploymentPostprocessing = 0;
		};
/* End PBXResourcesBuildPhase section */

/* Begin PBXSourcesBuildPhase section */
		54CC11DE29571E52007DAD20 /* Sources */ = {
			isa = PBXSourcesBuildPhase;
			buildActionMask = 2147483647;
			files = (
				545AC7D4295B3A23002D6853 /* InputPasswordView.swift in Sources */,
				5403AEE82957275C00FB7253 /* FontExtension.swift in Sources */,
				54CC11E829571E52007DAD20 /* ContentView.swift in Sources */,
				54126CB82958356D009D5A09 /* SecureFieldWithTitle.swift in Sources */,
				54126CBA29584327009D5A09 /* ImageExtension.swift in Sources */,
				54CC11E629571E52007DAD20 /* PyeonHaeApp.swift in Sources */,
				54126CB429581F56009D5A09 /* TextFieldWithTitle.swift in Sources */,
				54126CC129585BD6009D5A09 /* LoginView.swift in Sources */,
				5403AEEA295729C500FB7253 /* ColorExtension.swift in Sources */,
			);
			runOnlyForDeploymentPostprocessing = 0;
		};
/* End PBXSourcesBuildPhase section */

/* Begin XCBuildConfiguration section */
		54CC11EE29571E54007DAD20 /* Debug */ = {
			isa = XCBuildConfiguration;
			buildSettings = {
				ALWAYS_SEARCH_USER_PATHS = NO;
				CLANG_ANALYZER_NONNULL = YES;
				CLANG_ANALYZER_NUMBER_OBJECT_CONVERSION = YES_AGGRESSIVE;
				CLANG_CXX_LANGUAGE_STANDARD = "gnu++20";
				CLANG_ENABLE_MODULES = YES;
				CLANG_ENABLE_OBJC_ARC = YES;
				CLANG_ENABLE_OBJC_WEAK = YES;
				CLANG_WARN_BLOCK_CAPTURE_AUTORELEASING = YES;
				CLANG_WARN_BOOL_CONVERSION = YES;
				CLANG_WARN_COMMA = YES;
				CLANG_WARN_CONSTANT_CONVERSION = YES;
				CLANG_WARN_DEPRECATED_OBJC_IMPLEMENTATIONS = YES;
				CLANG_WARN_DIRECT_OBJC_ISA_USAGE = YES_ERROR;
				CLANG_WARN_DOCUMENTATION_COMMENTS = YES;
				CLANG_WARN_EMPTY_BODY = YES;
				CLANG_WARN_ENUM_CONVERSION = YES;
				CLANG_WARN_INFINITE_RECURSION = YES;
				CLANG_WARN_INT_CONVERSION = YES;
				CLANG_WARN_NON_LITERAL_NULL_CONVERSION = YES;
				CLANG_WARN_OBJC_IMPLICIT_RETAIN_SELF = YES;
				CLANG_WARN_OBJC_LITERAL_CONVERSION = YES;
				CLANG_WARN_OBJC_ROOT_CLASS = YES_ERROR;
				CLANG_WARN_QUOTED_INCLUDE_IN_FRAMEWORK_HEADER = YES;
				CLANG_WARN_RANGE_LOOP_ANALYSIS = YES;
				CLANG_WARN_STRICT_PROTOTYPES = YES;
				CLANG_WARN_SUSPICIOUS_MOVE = YES;
				CLANG_WARN_UNGUARDED_AVAILABILITY = YES_AGGRESSIVE;
				CLANG_WARN_UNREACHABLE_CODE = YES;
				CLANG_WARN__DUPLICATE_METHOD_MATCH = YES;
				COPY_PHASE_STRIP = NO;
				DEBUG_INFORMATION_FORMAT = dwarf;
				ENABLE_STRICT_OBJC_MSGSEND = YES;
				ENABLE_TESTABILITY = YES;
				GCC_C_LANGUAGE_STANDARD = gnu11;
				GCC_DYNAMIC_NO_PIC = NO;
				GCC_NO_COMMON_BLOCKS = YES;
				GCC_OPTIMIZATION_LEVEL = 0;
				GCC_PREPROCESSOR_DEFINITIONS = (
					"DEBUG=1",
					"$(inherited)",
				);
				GCC_WARN_64_TO_32_BIT_CONVERSION = YES;
				GCC_WARN_ABOUT_RETURN_TYPE = YES_ERROR;
				GCC_WARN_UNDECLARED_SELECTOR = YES;
				GCC_WARN_UNINITIALIZED_AUTOS = YES_AGGRESSIVE;
				GCC_WARN_UNUSED_FUNCTION = YES;
				GCC_WARN_UNUSED_VARIABLE = YES;
				IPHONEOS_DEPLOYMENT_TARGET = 15.0;
				MTL_ENABLE_DEBUG_INFO = INCLUDE_SOURCE;
				MTL_FAST_MATH = YES;
				ONLY_ACTIVE_ARCH = YES;
				SDKROOT = iphoneos;
				SWIFT_ACTIVE_COMPILATION_CONDITIONS = DEBUG;
				SWIFT_OPTIMIZATION_LEVEL = "-Onone";
			};
			name = Debug;
		};
		54CC11EF29571E54007DAD20 /* Release */ = {
			isa = XCBuildConfiguration;
			buildSettings = {
				ALWAYS_SEARCH_USER_PATHS = NO;
				CLANG_ANALYZER_NONNULL = YES;
				CLANG_ANALYZER_NUMBER_OBJECT_CONVERSION = YES_AGGRESSIVE;
				CLANG_CXX_LANGUAGE_STANDARD = "gnu++20";
				CLANG_ENABLE_MODULES = YES;
				CLANG_ENABLE_OBJC_ARC = YES;
				CLANG_ENABLE_OBJC_WEAK = YES;
				CLANG_WARN_BLOCK_CAPTURE_AUTORELEASING = YES;
				CLANG_WARN_BOOL_CONVERSION = YES;
				CLANG_WARN_COMMA = YES;
				CLANG_WARN_CONSTANT_CONVERSION = YES;
				CLANG_WARN_DEPRECATED_OBJC_IMPLEMENTATIONS = YES;
				CLANG_WARN_DIRECT_OBJC_ISA_USAGE = YES_ERROR;
				CLANG_WARN_DOCUMENTATION_COMMENTS = YES;
				CLANG_WARN_EMPTY_BODY = YES;
				CLANG_WARN_ENUM_CONVERSION = YES;
				CLANG_WARN_INFINITE_RECURSION = YES;
				CLANG_WARN_INT_CONVERSION = YES;
				CLANG_WARN_NON_LITERAL_NULL_CONVERSION = YES;
				CLANG_WARN_OBJC_IMPLICIT_RETAIN_SELF = YES;
				CLANG_WARN_OBJC_LITERAL_CONVERSION = YES;
				CLANG_WARN_OBJC_ROOT_CLASS = YES_ERROR;
				CLANG_WARN_QUOTED_INCLUDE_IN_FRAMEWORK_HEADER = YES;
				CLANG_WARN_RANGE_LOOP_ANALYSIS = YES;
				CLANG_WARN_STRICT_PROTOTYPES = YES;
				CLANG_WARN_SUSPICIOUS_MOVE = YES;
				CLANG_WARN_UNGUARDED_AVAILABILITY = YES_AGGRESSIVE;
				CLANG_WARN_UNREACHABLE_CODE = YES;
				CLANG_WARN__DUPLICATE_METHOD_MATCH = YES;
				COPY_PHASE_STRIP = NO;
				DEBUG_INFORMATION_FORMAT = "dwarf-with-dsym";
				ENABLE_NS_ASSERTIONS = NO;
				ENABLE_STRICT_OBJC_MSGSEND = YES;
				GCC_C_LANGUAGE_STANDARD = gnu11;
				GCC_NO_COMMON_BLOCKS = YES;
				GCC_WARN_64_TO_32_BIT_CONVERSION = YES;
				GCC_WARN_ABOUT_RETURN_TYPE = YES_ERROR;
				GCC_WARN_UNDECLARED_SELECTOR = YES;
				GCC_WARN_UNINITIALIZED_AUTOS = YES_AGGRESSIVE;
				GCC_WARN_UNUSED_FUNCTION = YES;
				GCC_WARN_UNUSED_VARIABLE = YES;
				IPHONEOS_DEPLOYMENT_TARGET = 15.0;
				MTL_ENABLE_DEBUG_INFO = NO;
				MTL_FAST_MATH = YES;
				SDKROOT = iphoneos;
				SWIFT_COMPILATION_MODE = wholemodule;
				SWIFT_OPTIMIZATION_LEVEL = "-O";
				VALIDATE_PRODUCT = YES;
			};
			name = Release;
		};
		54CC11F129571E54007DAD20 /* Debug */ = {
			isa = XCBuildConfiguration;
			buildSettings = {
				ASSETCATALOG_COMPILER_APPICON_NAME = AppIcon;
				ASSETCATALOG_COMPILER_GLOBAL_ACCENT_COLOR_NAME = AccentColor;
				CODE_SIGN_STYLE = Automatic;
				CURRENT_PROJECT_VERSION = 1;
				DEVELOPMENT_ASSET_PATHS = "\"PyeonHae/Preview Content\"";
				DEVELOPMENT_TEAM = 842FZARC28;
				ENABLE_PREVIEWS = YES;
				GENERATE_INFOPLIST_FILE = YES;
				INFOPLIST_FILE = PyeonHae/Info.plist;
				INFOPLIST_KEY_UIApplicationSceneManifest_Generation = YES;
				INFOPLIST_KEY_UIApplicationSupportsIndirectInputEvents = YES;
				INFOPLIST_KEY_UILaunchScreen_Generation = YES;
				INFOPLIST_KEY_UISupportedInterfaceOrientations_iPad = "UIInterfaceOrientationPortrait UIInterfaceOrientationPortraitUpsideDown UIInterfaceOrientationLandscapeLeft UIInterfaceOrientationLandscapeRight";
				INFOPLIST_KEY_UISupportedInterfaceOrientations_iPhone = "UIInterfaceOrientationPortrait UIInterfaceOrientationLandscapeLeft UIInterfaceOrientationLandscapeRight";
				IPHONEOS_DEPLOYMENT_TARGET = 15.0;
				LD_RUNPATH_SEARCH_PATHS = (
					"$(inherited)",
					"@executable_path/Frameworks",
				);
				MARKETING_VERSION = 1.0;
				PRODUCT_BUNDLE_IDENTIFIER = com.cvs.go.PyeonHae;
				PRODUCT_NAME = "$(TARGET_NAME)";
				SWIFT_EMIT_LOC_STRINGS = YES;
				SWIFT_VERSION = 5.0;
				TARGETED_DEVICE_FAMILY = "1,2";
			};
			name = Debug;
		};
		54CC11F229571E54007DAD20 /* Release */ = {
			isa = XCBuildConfiguration;
			buildSettings = {
				ASSETCATALOG_COMPILER_APPICON_NAME = AppIcon;
				ASSETCATALOG_COMPILER_GLOBAL_ACCENT_COLOR_NAME = AccentColor;
				CODE_SIGN_STYLE = Automatic;
				CURRENT_PROJECT_VERSION = 1;
				DEVELOPMENT_ASSET_PATHS = "\"PyeonHae/Preview Content\"";
				DEVELOPMENT_TEAM = 842FZARC28;
				ENABLE_PREVIEWS = YES;
				GENERATE_INFOPLIST_FILE = YES;
				INFOPLIST_FILE = PyeonHae/Info.plist;
				INFOPLIST_KEY_UIApplicationSceneManifest_Generation = YES;
				INFOPLIST_KEY_UIApplicationSupportsIndirectInputEvents = YES;
				INFOPLIST_KEY_UILaunchScreen_Generation = YES;
				INFOPLIST_KEY_UISupportedInterfaceOrientations_iPad = "UIInterfaceOrientationPortrait UIInterfaceOrientationPortraitUpsideDown UIInterfaceOrientationLandscapeLeft UIInterfaceOrientationLandscapeRight";
				INFOPLIST_KEY_UISupportedInterfaceOrientations_iPhone = "UIInterfaceOrientationPortrait UIInterfaceOrientationLandscapeLeft UIInterfaceOrientationLandscapeRight";
				IPHONEOS_DEPLOYMENT_TARGET = 15.0;
				LD_RUNPATH_SEARCH_PATHS = (
					"$(inherited)",
					"@executable_path/Frameworks",
				);
				MARKETING_VERSION = 1.0;
				PRODUCT_BUNDLE_IDENTIFIER = com.cvs.go.PyeonHae;
				PRODUCT_NAME = "$(TARGET_NAME)";
				SWIFT_EMIT_LOC_STRINGS = YES;
				SWIFT_VERSION = 5.0;
				TARGETED_DEVICE_FAMILY = "1,2";
			};
			name = Release;
		};
/* End XCBuildConfiguration section */

/* Begin XCConfigurationList section */
		54CC11DD29571E52007DAD20 /* Build configuration list for PBXProject "PyeonHae" */ = {
			isa = XCConfigurationList;
			buildConfigurations = (
				54CC11EE29571E54007DAD20 /* Debug */,
				54CC11EF29571E54007DAD20 /* Release */,
			);
			defaultConfigurationIsVisible = 0;
			defaultConfigurationName = Release;
		};
		54CC11F029571E54007DAD20 /* Build configuration list for PBXNativeTarget "PyeonHae" */ = {
			isa = XCConfigurationList;
			buildConfigurations = (
				54CC11F129571E54007DAD20 /* Debug */,
				54CC11F229571E54007DAD20 /* Release */,
			);
			defaultConfigurationIsVisible = 0;
			defaultConfigurationName = Release;
		};
/* End XCConfigurationList section */
	};
	rootObject = 54CC11DA29571E52007DAD20 /* Project object */;
}
