// !$*UTF8*$!
{
	archiveVersion = 1;
	classes = {
	};
	objectVersion = 56;
	objects = {

/* Begin PBXBuildFile section */
		5403AEDA2957252B00FB7253 /* Pretendard-Bold.ttf in Resources */ = {isa = PBXBuildFile; fileRef = 5403AED12957252B00FB7253 /* Pretendard-Bold.ttf */; };
		5403AEDB2957252B00FB7253 /* Pretendard-Light.ttf in Resources */ = {isa = PBXBuildFile; fileRef = 5403AED22957252B00FB7253 /* Pretendard-Light.ttf */; };
		5403AEDC2957252B00FB7253 /* Pretendard-Thin.ttf in Resources */ = {isa = PBXBuildFile; fileRef = 5403AED32957252B00FB7253 /* Pretendard-Thin.ttf */; };
		5403AEDD2957252B00FB7253 /* Pretendard-Regular.ttf in Resources */ = {isa = PBXBuildFile; fileRef = 5403AED42957252B00FB7253 /* Pretendard-Regular.ttf */; };
		5403AEDE2957252B00FB7253 /* Pretendard-Medium.ttf in Resources */ = {isa = PBXBuildFile; fileRef = 5403AED52957252B00FB7253 /* Pretendard-Medium.ttf */; };
		5403AEDF2957252B00FB7253 /* Pretendard-ExtraBold.ttf in Resources */ = {isa = PBXBuildFile; fileRef = 5403AED62957252B00FB7253 /* Pretendard-ExtraBold.ttf */; };
		5403AEE02957252B00FB7253 /* Pretendard-Black.ttf in Resources */ = {isa = PBXBuildFile; fileRef = 5403AED72957252B00FB7253 /* Pretendard-Black.ttf */; };
		5403AEE12957252B00FB7253 /* Pretendard-ExtraLight.ttf in Resources */ = {isa = PBXBuildFile; fileRef = 5403AED82957252B00FB7253 /* Pretendard-ExtraLight.ttf */; };
		5403AEE22957252B00FB7253 /* Pretendard-SemiBold.ttf in Resources */ = {isa = PBXBuildFile; fileRef = 5403AED92957252B00FB7253 /* Pretendard-SemiBold.ttf */; };
		5403AEE82957275C00FB7253 /* FontExtension.swift in Sources */ = {isa = PBXBuildFile; fileRef = 5403AEE72957275B00FB7253 /* FontExtension.swift */; };
		5403AEEA295729C500FB7253 /* ColorExtension.swift in Sources */ = {isa = PBXBuildFile; fileRef = 5403AEE9295729C500FB7253 /* ColorExtension.swift */; };
		54070B6129B0EF5E00D87F51 /* SignUpModel.swift in Sources */ = {isa = PBXBuildFile; fileRef = 54070B6029B0EF5E00D87F51 /* SignUpModel.swift */; };
		5408F3A52B280EF400EE78F5 /* ProductTags.swift in Sources */ = {isa = PBXBuildFile; fileRef = 5408F3A42B280EF400EE78F5 /* ProductTags.swift */; };
		54126CB429581F56009D5A09 /* TextFieldWithTitle.swift in Sources */ = {isa = PBXBuildFile; fileRef = 54126CB329581F56009D5A09 /* TextFieldWithTitle.swift */; };
		54126CBA29584327009D5A09 /* ImageExtension.swift in Sources */ = {isa = PBXBuildFile; fileRef = 54126CB929584327009D5A09 /* ImageExtension.swift */; };
		54126CC129585BD6009D5A09 /* LoginView.swift in Sources */ = {isa = PBXBuildFile; fileRef = 54126CC029585BD6009D5A09 /* LoginView.swift */; };
		54159D2229F154C30085CF08 /* Kingfisher in Frameworks */ = {isa = PBXBuildFile; productRef = 54159D2129F154C30085CF08 /* Kingfisher */; };
		5418328729B21E29002DA931 /* LoginModel.swift in Sources */ = {isa = PBXBuildFile; fileRef = 5418328629B21E29002DA931 /* LoginModel.swift */; };
		5418328A29B21FBB002DA931 /* SignUpSuccessView.swift in Sources */ = {isa = PBXBuildFile; fileRef = 5418328929B21FBB002DA931 /* SignUpSuccessView.swift */; };
		5420D1BA29F02AB200A78000 /* SearchBar.swift in Sources */ = {isa = PBXBuildFile; fileRef = 5420D1B929F02AB200A78000 /* SearchBar.swift */; };
		5420D1BD29F02AD000A78000 /* SearchStartView.swift in Sources */ = {isa = PBXBuildFile; fileRef = 5420D1BC29F02AD000A78000 /* SearchStartView.swift */; };
		5420D1C029F02AEF00A78000 /* SearchHomeView.swift in Sources */ = {isa = PBXBuildFile; fileRef = 5420D1BF29F02AEF00A78000 /* SearchHomeView.swift */; };
		5427B7122A7290E300523048 /* MyReviewView.swift in Sources */ = {isa = PBXBuildFile; fileRef = 5427B7112A7290E300523048 /* MyReviewView.swift */; };
		5427B7142A7292A500523048 /* MyLikeView.swift in Sources */ = {isa = PBXBuildFile; fileRef = 5427B7132A7292A500523048 /* MyLikeView.swift */; };
		5427B7162A7292B200523048 /* MyBookmarkView.swift in Sources */ = {isa = PBXBuildFile; fileRef = 5427B7152A7292B200523048 /* MyBookmarkView.swift */; };
		5427B7192A72978300523048 /* MyInfoViewModel.swift in Sources */ = {isa = PBXBuildFile; fileRef = 5427B7182A72978300523048 /* MyInfoViewModel.swift */; };
		5427B71C2A729B1B00523048 /* UserLikeList.swift in Sources */ = {isa = PBXBuildFile; fileRef = 5427B71B2A729B1B00523048 /* UserLikeList.swift */; };
		542F03A62997893A00DBF9C8 /* TopTabBar.swift in Sources */ = {isa = PBXBuildFile; fileRef = 542F03A52997893A00DBF9C8 /* TopTabBar.swift */; };
		543CEAB829CEF70C00CDB0C8 /* SplashView.swift in Sources */ = {isa = PBXBuildFile; fileRef = 543CEAB729CEF70C00CDB0C8 /* SplashView.swift */; };
		543CEABC29CF142B00CDB0C8 /* UserShared.swift in Sources */ = {isa = PBXBuildFile; fileRef = 543CEABB29CF142B00CDB0C8 /* UserShared.swift */; };
		543CEABE29CF1B1000CDB0C8 /* AuthAPI.swift in Sources */ = {isa = PBXBuildFile; fileRef = 543CEABD29CF1B1000CDB0C8 /* AuthAPI.swift */; };
		543CEAC129CF1DAB00CDB0C8 /* Interceptor.swift in Sources */ = {isa = PBXBuildFile; fileRef = 543CEAC029CF1DAB00CDB0C8 /* Interceptor.swift */; };
		543CEAC329CF2A5900CDB0C8 /* ProductsAPI.swift in Sources */ = {isa = PBXBuildFile; fileRef = 543CEAC229CF2A5900CDB0C8 /* ProductsAPI.swift */; };
		543CEAC529CF4AB700CDB0C8 /* FiltersModel.swift in Sources */ = {isa = PBXBuildFile; fileRef = 543CEAC429CF4AB700CDB0C8 /* FiltersModel.swift */; };
		543DCA8729F03564000CDAF0 /* Products.swift in Sources */ = {isa = PBXBuildFile; fileRef = 543DCA8629F03564000CDAF0 /* Products.swift */; };
		544041922A4835B700FE2B61 /* ProductReviewsModel.swift in Sources */ = {isa = PBXBuildFile; fileRef = 544041912A4835B700FE2B61 /* ProductReviewsModel.swift */; };
		54422CF22A3489D8007120FC /* ErrorResponse.swift in Sources */ = {isa = PBXBuildFile; fileRef = 54422CF12A3489D8007120FC /* ErrorResponse.swift */; };
		544CE40B2998BE5200EA9223 /* SearchFilterView.swift in Sources */ = {isa = PBXBuildFile; fileRef = 544CE40A2998BE5200EA9223 /* SearchFilterView.swift */; };
		544CE40D2998D67E00EA9223 /* SelectableButton.swift in Sources */ = {isa = PBXBuildFile; fileRef = 544CE40C2998D67E00EA9223 /* SelectableButton.swift */; };
		544CE40F2998F03400EA9223 /* ReviewUserInfo.swift in Sources */ = {isa = PBXBuildFile; fileRef = 544CE40E2998F03400EA9223 /* ReviewUserInfo.swift */; };
		545AC7D4295B3A23002D6853 /* InputPasswordView.swift in Sources */ = {isa = PBXBuildFile; fileRef = 545AC7D3295B3A23002D6853 /* InputPasswordView.swift */; };
		5462B77829A0D2E20063C450 /* ArrayExtension.swift in Sources */ = {isa = PBXBuildFile; fileRef = 5462B77729A0D2E20063C450 /* ArrayExtension.swift */; };
		5462B77A29A0DF830063C450 /* ToastMessage.swift in Sources */ = {isa = PBXBuildFile; fileRef = 5462B77929A0DF830063C450 /* ToastMessage.swift */; };
		54632D262A5A6C2500F8B55B /* SplashViewModel.swift in Sources */ = {isa = PBXBuildFile; fileRef = 54632D252A5A6C2500F8B55B /* SplashViewModel.swift */; };
		54744FE62A97843F00905CA8 /* NoticeListModel.swift in Sources */ = {isa = PBXBuildFile; fileRef = 54744FE52A97843F00905CA8 /* NoticeListModel.swift */; };
		547BE29729631F440069828A /* LoginViewModel.swift in Sources */ = {isa = PBXBuildFile; fileRef = 547BE29629631F440069828A /* LoginViewModel.swift */; };
		5482CA882A4335560080C7E3 /* ReviewListModel.swift in Sources */ = {isa = PBXBuildFile; fileRef = 5482CA872A4335560080C7E3 /* ReviewListModel.swift */; };
		5485EB7729EC0F7200FDB56B /* SearchViewModel.swift in Sources */ = {isa = PBXBuildFile; fileRef = 5485EB7629EC0F7200FDB56B /* SearchViewModel.swift */; };
		548FF9022A59680E00C5875F /* ReviewFilterView.swift in Sources */ = {isa = PBXBuildFile; fileRef = 548FF9012A59680E00C5875F /* ReviewFilterView.swift */; };
		5490B4A42A93976800A49949 /* UserInfoModel.swift in Sources */ = {isa = PBXBuildFile; fileRef = 5490B4A32A93976800A49949 /* UserInfoModel.swift */; };
		54915CCA2A63DEEB0076E442 /* SearchedProduct.swift in Sources */ = {isa = PBXBuildFile; fileRef = 54915CC92A63DEEB0076E442 /* SearchedProduct.swift */; };
		54915CCC2A63ECDB0076E442 /* SearchedKeyword.swift in Sources */ = {isa = PBXBuildFile; fileRef = 54915CCB2A63ECDB0076E442 /* SearchedKeyword.swift */; };
		54915CCE2A63F3510076E442 /* DateExtension.swift in Sources */ = {isa = PBXBuildFile; fileRef = 54915CCD2A63F3510076E442 /* DateExtension.swift */; };
		5493BE252A0F876B00CC127B /* UINavigationControllerExtension.swift in Sources */ = {isa = PBXBuildFile; fileRef = 5493BE242A0F876B00CC127B /* UINavigationControllerExtension.swift */; };
		5496CBF92A530A2A003DF7E3 /* ImageDetailView.swift in Sources */ = {isa = PBXBuildFile; fileRef = 5496CBF82A530A2A003DF7E3 /* ImageDetailView.swift */; };
		549CBA832A2F1BF20074AFA5 /* ReviewViewModel.swift in Sources */ = {isa = PBXBuildFile; fileRef = 549CBA822A2F1BF20074AFA5 /* ReviewViewModel.swift */; };
		549CBA852A2F1C980074AFA5 /* ReviewAPI.swift in Sources */ = {isa = PBXBuildFile; fileRef = 549CBA842A2F1C980074AFA5 /* ReviewAPI.swift */; };
		549CBA882A2F20820074AFA5 /* EmptyResponse.swift in Sources */ = {isa = PBXBuildFile; fileRef = 549CBA872A2F20820074AFA5 /* EmptyResponse.swift */; };
		549F8F3A2B03AAC40029FB0A /* TagMatchModel.swift in Sources */ = {isa = PBXBuildFile; fileRef = 549F8F392B03AAC40029FB0A /* TagMatchModel.swift */; };
		54AA0E052A19F1070031190D /* SwiftyGif in Frameworks */ = {isa = PBXBuildFile; productRef = 54AA0E042A19F1070031190D /* SwiftyGif */; };
		54AA0E072A19F3260031190D /* LoadingView.swift in Sources */ = {isa = PBXBuildFile; fileRef = 54AA0E062A19F3260031190D /* LoadingView.swift */; };
		54ABE02E297408DC00312B9D /* SignupSelectTagView.swift in Sources */ = {isa = PBXBuildFile; fileRef = 54ABE02D297408DC00312B9D /* SignupSelectTagView.swift */; };
		54AFA1EA29ACEA130058DB39 /* UserAPI.swift in Sources */ = {isa = PBXBuildFile; fileRef = 54AFA1E929ACEA130058DB39 /* UserAPI.swift */; };
		54AFA1EE29ACF9840058DB39 /* APIManager.swift in Sources */ = {isa = PBXBuildFile; fileRef = 54AFA1ED29ACF9840058DB39 /* APIManager.swift */; };
		54AFA1F129ACFFB50058DB39 /* TagsModel.swift in Sources */ = {isa = PBXBuildFile; fileRef = 54AFA1F029ACFFB50058DB39 /* TagsModel.swift */; };
		54B8F6A92997722D00E19FFF /* WrappingHStack in Frameworks */ = {isa = PBXBuildFile; productRef = 54B8F6A82997722D00E19FFF /* WrappingHStack */; };
		54C4A09B29B3310900A33862 /* EndPoint.swift in Sources */ = {isa = PBXBuildFile; fileRef = 54C4A09A29B3310900A33862 /* EndPoint.swift */; };
		54C50C6E296984A60092AF39 /* SignupCheckPasswordView.swift in Sources */ = {isa = PBXBuildFile; fileRef = 54C50C6D296984A60092AF39 /* SignupCheckPasswordView.swift */; };
		54C50C702969D40D0092AF39 /* SignupNicknameView.swift in Sources */ = {isa = PBXBuildFile; fileRef = 54C50C6F2969D40D0092AF39 /* SignupNicknameView.swift */; };
		54C71D4C29A9E8B400FAFDCD /* SearchProductView.swift in Sources */ = {isa = PBXBuildFile; fileRef = 54C71D4B29A9E8B400FAFDCD /* SearchProductView.swift */; };
		54C71D4E29AB559E00FAFDCD /* RoundedCorner.swift in Sources */ = {isa = PBXBuildFile; fileRef = 54C71D4D29AB559E00FAFDCD /* RoundedCorner.swift */; };
		54C71D5029AB55B900FAFDCD /* BottomSheet.swift in Sources */ = {isa = PBXBuildFile; fileRef = 54C71D4F29AB55B900FAFDCD /* BottomSheet.swift */; };
		54C71D5329AB8EC200FAFDCD /* Alamofire in Frameworks */ = {isa = PBXBuildFile; productRef = 54C71D5229AB8EC200FAFDCD /* Alamofire */; };
		54C9586E2A1CFC3500087679 /* LoadingGIF.gif in Resources */ = {isa = PBXBuildFile; fileRef = 54C9586D2A1CFC3500087679 /* LoadingGIF.gif */; };
		54C9DC032AA4BF08001AC84D /* NoticeListView.swift in Sources */ = {isa = PBXBuildFile; fileRef = 54C9DC022AA4BF08001AC84D /* NoticeListView.swift */; };
		54C9DC052AA4C6B2001AC84D /* NoticeDetailView.swift in Sources */ = {isa = PBXBuildFile; fileRef = 54C9DC042AA4C6B2001AC84D /* NoticeDetailView.swift */; };
		54C9DC072AA4CF06001AC84D /* NoticeDetailModel.swift in Sources */ = {isa = PBXBuildFile; fileRef = 54C9DC062AA4CF06001AC84D /* NoticeDetailModel.swift */; };
		54CC11E629571E52007DAD20 /* PyeonHaeApp.swift in Sources */ = {isa = PBXBuildFile; fileRef = 54CC11E529571E52007DAD20 /* PyeonHaeApp.swift */; };
		54CC11EA29571E54007DAD20 /* Assets.xcassets in Resources */ = {isa = PBXBuildFile; fileRef = 54CC11E929571E54007DAD20 /* Assets.xcassets */; };
		54CC11ED29571E54007DAD20 /* Preview Assets.xcassets in Resources */ = {isa = PBXBuildFile; fileRef = 54CC11EC29571E54007DAD20 /* Preview Assets.xcassets */; };
		54D0101B295F3E5800FACB90 /* Constants.swift in Sources */ = {isa = PBXBuildFile; fileRef = 54D0101A295F3E5800FACB90 /* Constants.swift */; };
		54D0101D295F3E9400FACB90 /* RegexConstants.swift in Sources */ = {isa = PBXBuildFile; fileRef = 54D0101C295F3E9400FACB90 /* RegexConstants.swift */; };
		54D0101F295F412600FACB90 /* StringExtension.swift in Sources */ = {isa = PBXBuildFile; fileRef = 54D0101E295F412600FACB90 /* StringExtension.swift */; };
		54D879672B1D8C9D008A43E1 /* HomeViewModel.swift in Sources */ = {isa = PBXBuildFile; fileRef = 54D879662B1D8C9D008A43E1 /* HomeViewModel.swift */; };
		54D8796C2B1D8F3A008A43E1 /* PromotionsModel.swift in Sources */ = {isa = PBXBuildFile; fileRef = 54D8796B2B1D8F3A008A43E1 /* PromotionsModel.swift */; };
		54E58D6829B620E900958789 /* UIWindowTransitions in Frameworks */ = {isa = PBXBuildFile; productRef = 54E58D6729B620E900958789 /* UIWindowTransitions */; };
		54F0C23129F9684900CBF83C /* ProductDetail.swift in Sources */ = {isa = PBXBuildFile; fileRef = 54F0C23029F9684900CBF83C /* ProductDetail.swift */; };
		54F0C23529F9782D00CBF83C /* ProductLikeModel.swift in Sources */ = {isa = PBXBuildFile; fileRef = 54F0C23429F9782D00CBF83C /* ProductLikeModel.swift */; };
		54F0C23729F9783900CBF83C /* ProductUnLikeModel.swift in Sources */ = {isa = PBXBuildFile; fileRef = 54F0C23629F9783900CBF83C /* ProductUnLikeModel.swift */; };
		54F0C23929F9785000CBF83C /* ProductBookmarkModel.swift in Sources */ = {isa = PBXBuildFile; fileRef = 54F0C23829F9785000CBF83C /* ProductBookmarkModel.swift */; };
		54F0C23B29F9785800CBF83C /* ProductUnBookmarkModel.swift in Sources */ = {isa = PBXBuildFile; fileRef = 54F0C23A29F9785800CBF83C /* ProductUnBookmarkModel.swift */; };
		54F3C3E8298C025200C10FF5 /* ReviewHome.swift in Sources */ = {isa = PBXBuildFile; fileRef = 54F3C3E7298C025200C10FF5 /* ReviewHome.swift */; };
		54F6457E296C563B00F423B1 /* TermsAndPolicyView.swift in Sources */ = {isa = PBXBuildFile; fileRef = 54F6457D296C563B00F423B1 /* TermsAndPolicyView.swift */; };
		54F6B33029AF562C00914889 /* API.swift in Sources */ = {isa = PBXBuildFile; fileRef = 54F6B32F29AF562C00914889 /* API.swift */; };
		54F6B33229AF991000914889 /* CheckEmailModel.swift in Sources */ = {isa = PBXBuildFile; fileRef = 54F6B33129AF991000914889 /* CheckEmailModel.swift */; };
		54F6B33429AF9FA500914889 /* CheckNicknameModel.swift in Sources */ = {isa = PBXBuildFile; fileRef = 54F6B33329AF9FA500914889 /* CheckNicknameModel.swift */; };
		54F80D1D2985275F00102772 /* ViewExtension.swift in Sources */ = {isa = PBXBuildFile; fileRef = 54F80D1C2985275F00102772 /* ViewExtension.swift */; };
		54F80D202985478A00102772 /* HomeView.swift in Sources */ = {isa = PBXBuildFile; fileRef = 54F80D1F2985478A00102772 /* HomeView.swift */; };
		54F981A5297BF45800D7E450 /* MainBanner.swift in Sources */ = {isa = PBXBuildFile; fileRef = 54F981A4297BF45800D7E450 /* MainBanner.swift */; };
		54F981A7297BF48400D7E450 /* EventProductCell.swift in Sources */ = {isa = PBXBuildFile; fileRef = 54F981A6297BF48400D7E450 /* EventProductCell.swift */; };
		54F981A9297BF4B600D7E450 /* PopularProductCell.swift in Sources */ = {isa = PBXBuildFile; fileRef = 54F981A8297BF4B600D7E450 /* PopularProductCell.swift */; };
		54F981AB297BF4D700D7E450 /* ReviewCell.swift in Sources */ = {isa = PBXBuildFile; fileRef = 54F981AA297BF4D700D7E450 /* ReviewCell.swift */; };
		54F981AD297E4E3500D7E450 /* EventProducts.swift in Sources */ = {isa = PBXBuildFile; fileRef = 54F981AC297E4E3500D7E450 /* EventProducts.swift */; };
		54F981AF297E635B00D7E450 /* PopularProducts.swift in Sources */ = {isa = PBXBuildFile; fileRef = 54F981AE297E635B00D7E450 /* PopularProducts.swift */; };
		54F981B1297E72E200D7E450 /* MainTabView.swift in Sources */ = {isa = PBXBuildFile; fileRef = 54F981B0297E72E200D7E450 /* MainTabView.swift */; };
		668CC38829659B9200416C2F /* SignupPasswordView.swift in Sources */ = {isa = PBXBuildFile; fileRef = 668CC38729659B9200416C2F /* SignupPasswordView.swift */; };
		D506C05D29AF24D100B9EA96 /* DetailItemView.swift in Sources */ = {isa = PBXBuildFile; fileRef = D506C05C29AF24D100B9EA96 /* DetailItemView.swift */; };
		D506C05F29AF32AB00B9EA96 /* ItemDetailView.swift in Sources */ = {isa = PBXBuildFile; fileRef = D506C05E29AF32AB00B9EA96 /* ItemDetailView.swift */; };
		D506C06129AF3A1900B9EA96 /* ReviewTextCell.swift in Sources */ = {isa = PBXBuildFile; fileRef = D506C06029AF3A1900B9EA96 /* ReviewTextCell.swift */; };
		D509BE92298259CF00C4492C /* PopularReview.swift in Sources */ = {isa = PBXBuildFile; fileRef = D509BE91298259CF00C4492C /* PopularReview.swift */; };
		D5291D42299E2F42001D3276 /* ImagePicker.swift in Sources */ = {isa = PBXBuildFile; fileRef = D5291D41299E2F42001D3276 /* ImagePicker.swift */; };
		D53658BF2A236A3400B484F9 /* reviewStarButton.swift in Sources */ = {isa = PBXBuildFile; fileRef = D53658BE2A236A3400B484F9 /* reviewStarButton.swift */; };
		D53658CD2A2C7A5C00B484F9 /* SortSelectView.swift in Sources */ = {isa = PBXBuildFile; fileRef = D53658CC2A2C7A5C00B484F9 /* SortSelectView.swift */; };
		D5409FE32994FA650034B250 /* EditReviewView.swift in Sources */ = {isa = PBXBuildFile; fileRef = D5409FE22994FA650034B250 /* EditReviewView.swift */; };
		D5409FE52994FA9A0034B250 /* SelectProductView.swift in Sources */ = {isa = PBXBuildFile; fileRef = D5409FE42994FA9A0034B250 /* SelectProductView.swift */; };
		D5409FE7299502AC0034B250 /* EditLetterView.swift in Sources */ = {isa = PBXBuildFile; fileRef = D5409FE6299502AC0034B250 /* EditLetterView.swift */; };
		D5409FE929950B1B0034B250 /* ReviewPhotoView.swift in Sources */ = {isa = PBXBuildFile; fileRef = D5409FE829950B1B0034B250 /* ReviewPhotoView.swift */; };
		D560E25329A4CCA40018E8FB /* SearchResultView.swift in Sources */ = {isa = PBXBuildFile; fileRef = D560E25229A4CCA40018E8FB /* SearchResultView.swift */; };
		D560E25529A4D0480018E8FB /* SearchResultItemView.swift in Sources */ = {isa = PBXBuildFile; fileRef = D560E25429A4D0480018E8FB /* SearchResultItemView.swift */; };
		D56B26B72A35A9F000237983 /* ImageAPI.swift in Sources */ = {isa = PBXBuildFile; fileRef = D56B26B62A35A9F000237983 /* ImageAPI.swift */; };
		D57E78A729F531A500F35DFC /* Security.xcconfig in Resources */ = {isa = PBXBuildFile; fileRef = D57E78A629F531A500F35DFC /* Security.xcconfig */; };
		D57E78AA29F539C500F35DFC /* MyInfoView.swift in Sources */ = {isa = PBXBuildFile; fileRef = D57E78A929F539C500F35DFC /* MyInfoView.swift */; };
		D57E78AC29F6B91700F35DFC /* MyInfoEditView.swift in Sources */ = {isa = PBXBuildFile; fileRef = D57E78AB29F6B91700F35DFC /* MyInfoEditView.swift */; };
		D57E78AE29F8092B00F35DFC /* MyInfoEditImagePicker.swift in Sources */ = {isa = PBXBuildFile; fileRef = D57E78AD29F8092B00F35DFC /* MyInfoEditImagePicker.swift */; };
		D57E78B029FFE19900F35DFC /* PriceScrollButton.swift in Sources */ = {isa = PBXBuildFile; fileRef = D57E78AF29FFE19900F35DFC /* PriceScrollButton.swift */; };
		D57E78B22A16519F00F35DFC /* UserSettingView.swift in Sources */ = {isa = PBXBuildFile; fileRef = D57E78B12A16519F00F35DFC /* UserSettingView.swift */; };
		D57E78B42A1655C700F35DFC /* CustomToggle.swift in Sources */ = {isa = PBXBuildFile; fileRef = D57E78B32A1655C700F35DFC /* CustomToggle.swift */; };
		D57E79502A1A25D800F35DFC /* KeyboardResponder.swift in Sources */ = {isa = PBXBuildFile; fileRef = D57E794F2A1A25D800F35DFC /* KeyboardResponder.swift */; };
		D5D1BCAF29938B8C00F25941 /* UserPageView.swift in Sources */ = {isa = PBXBuildFile; fileRef = D5D1BCAE29938B8C00F25941 /* UserPageView.swift */; };
		D5D1BCB12993966A00F25941 /* UserInfoView.swift in Sources */ = {isa = PBXBuildFile; fileRef = D5D1BCB02993966A00F25941 /* UserInfoView.swift */; };
		D5D1BCB32993982E00F25941 /* WriteReviewsView.swift in Sources */ = {isa = PBXBuildFile; fileRef = D5D1BCB22993982E00F25941 /* WriteReviewsView.swift */; };
		D5D1BCB529939AA800F25941 /* ReviewView.swift in Sources */ = {isa = PBXBuildFile; fileRef = D5D1BCB429939AA800F25941 /* ReviewView.swift */; };
/* End PBXBuildFile section */

/* Begin PBXFileReference section */
		5403AECF2957247400FB7253 /* Info.plist */ = {isa = PBXFileReference; lastKnownFileType = text.plist; path = Info.plist; sourceTree = "<group>"; };
		5403AED12957252B00FB7253 /* Pretendard-Bold.ttf */ = {isa = PBXFileReference; lastKnownFileType = file; path = "Pretendard-Bold.ttf"; sourceTree = "<group>"; };
		5403AED22957252B00FB7253 /* Pretendard-Light.ttf */ = {isa = PBXFileReference; lastKnownFileType = file; path = "Pretendard-Light.ttf"; sourceTree = "<group>"; };
		5403AED32957252B00FB7253 /* Pretendard-Thin.ttf */ = {isa = PBXFileReference; lastKnownFileType = file; path = "Pretendard-Thin.ttf"; sourceTree = "<group>"; };
		5403AED42957252B00FB7253 /* Pretendard-Regular.ttf */ = {isa = PBXFileReference; lastKnownFileType = file; path = "Pretendard-Regular.ttf"; sourceTree = "<group>"; };
		5403AED52957252B00FB7253 /* Pretendard-Medium.ttf */ = {isa = PBXFileReference; lastKnownFileType = file; path = "Pretendard-Medium.ttf"; sourceTree = "<group>"; };
		5403AED62957252B00FB7253 /* Pretendard-ExtraBold.ttf */ = {isa = PBXFileReference; lastKnownFileType = file; path = "Pretendard-ExtraBold.ttf"; sourceTree = "<group>"; };
		5403AED72957252B00FB7253 /* Pretendard-Black.ttf */ = {isa = PBXFileReference; lastKnownFileType = file; path = "Pretendard-Black.ttf"; sourceTree = "<group>"; };
		5403AED82957252B00FB7253 /* Pretendard-ExtraLight.ttf */ = {isa = PBXFileReference; lastKnownFileType = file; path = "Pretendard-ExtraLight.ttf"; sourceTree = "<group>"; };
		5403AED92957252B00FB7253 /* Pretendard-SemiBold.ttf */ = {isa = PBXFileReference; lastKnownFileType = file; path = "Pretendard-SemiBold.ttf"; sourceTree = "<group>"; };
		5403AEE72957275B00FB7253 /* FontExtension.swift */ = {isa = PBXFileReference; lastKnownFileType = sourcecode.swift; path = FontExtension.swift; sourceTree = "<group>"; };
		5403AEE9295729C500FB7253 /* ColorExtension.swift */ = {isa = PBXFileReference; lastKnownFileType = sourcecode.swift; path = ColorExtension.swift; sourceTree = "<group>"; };
		54070B6029B0EF5E00D87F51 /* SignUpModel.swift */ = {isa = PBXFileReference; lastKnownFileType = sourcecode.swift; path = SignUpModel.swift; sourceTree = "<group>"; };
		5408F3A42B280EF400EE78F5 /* ProductTags.swift */ = {isa = PBXFileReference; lastKnownFileType = sourcecode.swift; path = ProductTags.swift; sourceTree = "<group>"; };
		54126CB329581F56009D5A09 /* TextFieldWithTitle.swift */ = {isa = PBXFileReference; lastKnownFileType = sourcecode.swift; path = TextFieldWithTitle.swift; sourceTree = "<group>"; };
		54126CB929584327009D5A09 /* ImageExtension.swift */ = {isa = PBXFileReference; lastKnownFileType = sourcecode.swift; path = ImageExtension.swift; sourceTree = "<group>"; };
		54126CC029585BD6009D5A09 /* LoginView.swift */ = {isa = PBXFileReference; lastKnownFileType = sourcecode.swift; path = LoginView.swift; sourceTree = "<group>"; };
		5418328629B21E29002DA931 /* LoginModel.swift */ = {isa = PBXFileReference; lastKnownFileType = sourcecode.swift; path = LoginModel.swift; sourceTree = "<group>"; };
		5418328929B21FBB002DA931 /* SignUpSuccessView.swift */ = {isa = PBXFileReference; lastKnownFileType = sourcecode.swift; path = SignUpSuccessView.swift; sourceTree = "<group>"; };
		5420D1B929F02AB200A78000 /* SearchBar.swift */ = {isa = PBXFileReference; lastKnownFileType = sourcecode.swift; path = SearchBar.swift; sourceTree = "<group>"; };
		5420D1BC29F02AD000A78000 /* SearchStartView.swift */ = {isa = PBXFileReference; lastKnownFileType = sourcecode.swift; path = SearchStartView.swift; sourceTree = "<group>"; };
		5420D1BF29F02AEF00A78000 /* SearchHomeView.swift */ = {isa = PBXFileReference; lastKnownFileType = sourcecode.swift; path = SearchHomeView.swift; sourceTree = "<group>"; };
		5427B7112A7290E300523048 /* MyReviewView.swift */ = {isa = PBXFileReference; lastKnownFileType = sourcecode.swift; path = MyReviewView.swift; sourceTree = "<group>"; };
		5427B7132A7292A500523048 /* MyLikeView.swift */ = {isa = PBXFileReference; lastKnownFileType = sourcecode.swift; path = MyLikeView.swift; sourceTree = "<group>"; };
		5427B7152A7292B200523048 /* MyBookmarkView.swift */ = {isa = PBXFileReference; lastKnownFileType = sourcecode.swift; path = MyBookmarkView.swift; sourceTree = "<group>"; };
		5427B7182A72978300523048 /* MyInfoViewModel.swift */ = {isa = PBXFileReference; lastKnownFileType = sourcecode.swift; path = MyInfoViewModel.swift; sourceTree = "<group>"; };
		5427B71B2A729B1B00523048 /* UserLikeList.swift */ = {isa = PBXFileReference; lastKnownFileType = sourcecode.swift; path = UserLikeList.swift; sourceTree = "<group>"; };
		542F03A52997893A00DBF9C8 /* TopTabBar.swift */ = {isa = PBXFileReference; lastKnownFileType = sourcecode.swift; name = TopTabBar.swift; path = PyeonHae/TopTabBar.swift; sourceTree = SOURCE_ROOT; };
		543CEAB729CEF70C00CDB0C8 /* SplashView.swift */ = {isa = PBXFileReference; lastKnownFileType = sourcecode.swift; path = SplashView.swift; sourceTree = "<group>"; };
		543CEABB29CF142B00CDB0C8 /* UserShared.swift */ = {isa = PBXFileReference; lastKnownFileType = sourcecode.swift; path = UserShared.swift; sourceTree = "<group>"; };
		543CEABD29CF1B1000CDB0C8 /* AuthAPI.swift */ = {isa = PBXFileReference; lastKnownFileType = sourcecode.swift; path = AuthAPI.swift; sourceTree = "<group>"; };
		543CEAC029CF1DAB00CDB0C8 /* Interceptor.swift */ = {isa = PBXFileReference; lastKnownFileType = sourcecode.swift; path = Interceptor.swift; sourceTree = "<group>"; };
		543CEAC229CF2A5900CDB0C8 /* ProductsAPI.swift */ = {isa = PBXFileReference; lastKnownFileType = sourcecode.swift; path = ProductsAPI.swift; sourceTree = "<group>"; };
		543CEAC429CF4AB700CDB0C8 /* FiltersModel.swift */ = {isa = PBXFileReference; lastKnownFileType = sourcecode.swift; path = FiltersModel.swift; sourceTree = "<group>"; };
		543DCA8629F03564000CDAF0 /* Products.swift */ = {isa = PBXFileReference; lastKnownFileType = sourcecode.swift; path = Products.swift; sourceTree = "<group>"; };
		544041912A4835B700FE2B61 /* ProductReviewsModel.swift */ = {isa = PBXFileReference; lastKnownFileType = sourcecode.swift; path = ProductReviewsModel.swift; sourceTree = "<group>"; };
		54422CF12A3489D8007120FC /* ErrorResponse.swift */ = {isa = PBXFileReference; lastKnownFileType = sourcecode.swift; path = ErrorResponse.swift; sourceTree = "<group>"; };
		544CE40A2998BE5200EA9223 /* SearchFilterView.swift */ = {isa = PBXFileReference; lastKnownFileType = sourcecode.swift; path = SearchFilterView.swift; sourceTree = "<group>"; };
		544CE40C2998D67E00EA9223 /* SelectableButton.swift */ = {isa = PBXFileReference; lastKnownFileType = sourcecode.swift; path = SelectableButton.swift; sourceTree = "<group>"; };
		544CE40E2998F03400EA9223 /* ReviewUserInfo.swift */ = {isa = PBXFileReference; lastKnownFileType = sourcecode.swift; path = ReviewUserInfo.swift; sourceTree = "<group>"; };
		545AC7D3295B3A23002D6853 /* InputPasswordView.swift */ = {isa = PBXFileReference; lastKnownFileType = sourcecode.swift; path = InputPasswordView.swift; sourceTree = "<group>"; };
		5462B77729A0D2E20063C450 /* ArrayExtension.swift */ = {isa = PBXFileReference; lastKnownFileType = sourcecode.swift; path = ArrayExtension.swift; sourceTree = "<group>"; };
		5462B77929A0DF830063C450 /* ToastMessage.swift */ = {isa = PBXFileReference; lastKnownFileType = sourcecode.swift; path = ToastMessage.swift; sourceTree = "<group>"; };
		54632D252A5A6C2500F8B55B /* SplashViewModel.swift */ = {isa = PBXFileReference; lastKnownFileType = sourcecode.swift; path = SplashViewModel.swift; sourceTree = "<group>"; };
		54744FE52A97843F00905CA8 /* NoticeListModel.swift */ = {isa = PBXFileReference; lastKnownFileType = sourcecode.swift; path = NoticeListModel.swift; sourceTree = "<group>"; };
		547BE29629631F440069828A /* LoginViewModel.swift */ = {isa = PBXFileReference; lastKnownFileType = sourcecode.swift; path = LoginViewModel.swift; sourceTree = "<group>"; };
		5482CA872A4335560080C7E3 /* ReviewListModel.swift */ = {isa = PBXFileReference; lastKnownFileType = sourcecode.swift; path = ReviewListModel.swift; sourceTree = "<group>"; };
		5485EB7629EC0F7200FDB56B /* SearchViewModel.swift */ = {isa = PBXFileReference; lastKnownFileType = sourcecode.swift; path = SearchViewModel.swift; sourceTree = "<group>"; };
		548FF9012A59680E00C5875F /* ReviewFilterView.swift */ = {isa = PBXFileReference; lastKnownFileType = sourcecode.swift; path = ReviewFilterView.swift; sourceTree = "<group>"; };
		5490B4A32A93976800A49949 /* UserInfoModel.swift */ = {isa = PBXFileReference; lastKnownFileType = sourcecode.swift; path = UserInfoModel.swift; sourceTree = "<group>"; };
		54915CC92A63DEEB0076E442 /* SearchedProduct.swift */ = {isa = PBXFileReference; lastKnownFileType = sourcecode.swift; path = SearchedProduct.swift; sourceTree = "<group>"; };
		54915CCB2A63ECDB0076E442 /* SearchedKeyword.swift */ = {isa = PBXFileReference; lastKnownFileType = sourcecode.swift; path = SearchedKeyword.swift; sourceTree = "<group>"; };
		54915CCD2A63F3510076E442 /* DateExtension.swift */ = {isa = PBXFileReference; lastKnownFileType = sourcecode.swift; path = DateExtension.swift; sourceTree = "<group>"; };
		5493BE242A0F876B00CC127B /* UINavigationControllerExtension.swift */ = {isa = PBXFileReference; lastKnownFileType = sourcecode.swift; path = UINavigationControllerExtension.swift; sourceTree = "<group>"; };
		5496CBF82A530A2A003DF7E3 /* ImageDetailView.swift */ = {isa = PBXFileReference; lastKnownFileType = sourcecode.swift; path = ImageDetailView.swift; sourceTree = "<group>"; };
		549CBA822A2F1BF20074AFA5 /* ReviewViewModel.swift */ = {isa = PBXFileReference; lastKnownFileType = sourcecode.swift; path = ReviewViewModel.swift; sourceTree = "<group>"; };
		549CBA842A2F1C980074AFA5 /* ReviewAPI.swift */ = {isa = PBXFileReference; lastKnownFileType = sourcecode.swift; path = ReviewAPI.swift; sourceTree = "<group>"; };
		549CBA872A2F20820074AFA5 /* EmptyResponse.swift */ = {isa = PBXFileReference; lastKnownFileType = sourcecode.swift; path = EmptyResponse.swift; sourceTree = "<group>"; };
		549F8F392B03AAC40029FB0A /* TagMatchModel.swift */ = {isa = PBXFileReference; lastKnownFileType = sourcecode.swift; path = TagMatchModel.swift; sourceTree = "<group>"; };
		54AA0E062A19F3260031190D /* LoadingView.swift */ = {isa = PBXFileReference; lastKnownFileType = sourcecode.swift; path = LoadingView.swift; sourceTree = "<group>"; };
		54ABE02D297408DC00312B9D /* SignupSelectTagView.swift */ = {isa = PBXFileReference; lastKnownFileType = sourcecode.swift; path = SignupSelectTagView.swift; sourceTree = "<group>"; };
		54AFA1E929ACEA130058DB39 /* UserAPI.swift */ = {isa = PBXFileReference; lastKnownFileType = sourcecode.swift; path = UserAPI.swift; sourceTree = "<group>"; };
		54AFA1ED29ACF9840058DB39 /* APIManager.swift */ = {isa = PBXFileReference; lastKnownFileType = sourcecode.swift; path = APIManager.swift; sourceTree = "<group>"; };
		54AFA1F029ACFFB50058DB39 /* TagsModel.swift */ = {isa = PBXFileReference; lastKnownFileType = sourcecode.swift; path = TagsModel.swift; sourceTree = "<group>"; };
		54C4A09A29B3310900A33862 /* EndPoint.swift */ = {isa = PBXFileReference; lastKnownFileType = sourcecode.swift; path = EndPoint.swift; sourceTree = "<group>"; };
		54C50C6D296984A60092AF39 /* SignupCheckPasswordView.swift */ = {isa = PBXFileReference; lastKnownFileType = sourcecode.swift; path = SignupCheckPasswordView.swift; sourceTree = "<group>"; };
		54C50C6F2969D40D0092AF39 /* SignupNicknameView.swift */ = {isa = PBXFileReference; lastKnownFileType = sourcecode.swift; path = SignupNicknameView.swift; sourceTree = "<group>"; };
		54C71D4B29A9E8B400FAFDCD /* SearchProductView.swift */ = {isa = PBXFileReference; lastKnownFileType = sourcecode.swift; path = SearchProductView.swift; sourceTree = "<group>"; };
		54C71D4D29AB559E00FAFDCD /* RoundedCorner.swift */ = {isa = PBXFileReference; lastKnownFileType = sourcecode.swift; path = RoundedCorner.swift; sourceTree = "<group>"; };
		54C71D4F29AB55B900FAFDCD /* BottomSheet.swift */ = {isa = PBXFileReference; lastKnownFileType = sourcecode.swift; path = BottomSheet.swift; sourceTree = "<group>"; };
		54C9586D2A1CFC3500087679 /* LoadingGIF.gif */ = {isa = PBXFileReference; lastKnownFileType = image.gif; path = LoadingGIF.gif; sourceTree = "<group>"; };
		54C9DC022AA4BF08001AC84D /* NoticeListView.swift */ = {isa = PBXFileReference; lastKnownFileType = sourcecode.swift; path = NoticeListView.swift; sourceTree = "<group>"; };
		54C9DC042AA4C6B2001AC84D /* NoticeDetailView.swift */ = {isa = PBXFileReference; lastKnownFileType = sourcecode.swift; path = NoticeDetailView.swift; sourceTree = "<group>"; };
		54C9DC062AA4CF06001AC84D /* NoticeDetailModel.swift */ = {isa = PBXFileReference; lastKnownFileType = sourcecode.swift; path = NoticeDetailModel.swift; sourceTree = "<group>"; };
		54CC11E229571E52007DAD20 /* PyeonHae.app */ = {isa = PBXFileReference; explicitFileType = wrapper.application; includeInIndex = 0; path = PyeonHae.app; sourceTree = BUILT_PRODUCTS_DIR; };
		54CC11E529571E52007DAD20 /* PyeonHaeApp.swift */ = {isa = PBXFileReference; lastKnownFileType = sourcecode.swift; path = PyeonHaeApp.swift; sourceTree = "<group>"; };
		54CC11E929571E54007DAD20 /* Assets.xcassets */ = {isa = PBXFileReference; lastKnownFileType = folder.assetcatalog; path = Assets.xcassets; sourceTree = "<group>"; };
		54CC11EC29571E54007DAD20 /* Preview Assets.xcassets */ = {isa = PBXFileReference; lastKnownFileType = folder.assetcatalog; path = "Preview Assets.xcassets"; sourceTree = "<group>"; };
		54D0101A295F3E5800FACB90 /* Constants.swift */ = {isa = PBXFileReference; lastKnownFileType = sourcecode.swift; path = Constants.swift; sourceTree = "<group>"; };
		54D0101C295F3E9400FACB90 /* RegexConstants.swift */ = {isa = PBXFileReference; lastKnownFileType = sourcecode.swift; path = RegexConstants.swift; sourceTree = "<group>"; };
		54D0101E295F412600FACB90 /* StringExtension.swift */ = {isa = PBXFileReference; lastKnownFileType = sourcecode.swift; path = StringExtension.swift; sourceTree = "<group>"; };
		54D879662B1D8C9D008A43E1 /* HomeViewModel.swift */ = {isa = PBXFileReference; lastKnownFileType = sourcecode.swift; path = HomeViewModel.swift; sourceTree = "<group>"; };
		54D8796B2B1D8F3A008A43E1 /* PromotionsModel.swift */ = {isa = PBXFileReference; lastKnownFileType = sourcecode.swift; name = PromotionsModel.swift; path = PyeonHae/Model/PromotionsModel.swift; sourceTree = SOURCE_ROOT; };
		54F0C23029F9684900CBF83C /* ProductDetail.swift */ = {isa = PBXFileReference; lastKnownFileType = sourcecode.swift; path = ProductDetail.swift; sourceTree = "<group>"; };
		54F0C23429F9782D00CBF83C /* ProductLikeModel.swift */ = {isa = PBXFileReference; lastKnownFileType = sourcecode.swift; path = ProductLikeModel.swift; sourceTree = "<group>"; };
		54F0C23629F9783900CBF83C /* ProductUnLikeModel.swift */ = {isa = PBXFileReference; lastKnownFileType = sourcecode.swift; path = ProductUnLikeModel.swift; sourceTree = "<group>"; };
		54F0C23829F9785000CBF83C /* ProductBookmarkModel.swift */ = {isa = PBXFileReference; lastKnownFileType = sourcecode.swift; path = ProductBookmarkModel.swift; sourceTree = "<group>"; };
		54F0C23A29F9785800CBF83C /* ProductUnBookmarkModel.swift */ = {isa = PBXFileReference; lastKnownFileType = sourcecode.swift; path = ProductUnBookmarkModel.swift; sourceTree = "<group>"; };
		54F3C3E7298C025200C10FF5 /* ReviewHome.swift */ = {isa = PBXFileReference; lastKnownFileType = sourcecode.swift; path = ReviewHome.swift; sourceTree = "<group>"; };
		54F6457D296C563B00F423B1 /* TermsAndPolicyView.swift */ = {isa = PBXFileReference; lastKnownFileType = sourcecode.swift; path = TermsAndPolicyView.swift; sourceTree = "<group>"; };
		54F6B32F29AF562C00914889 /* API.swift */ = {isa = PBXFileReference; lastKnownFileType = sourcecode.swift; path = API.swift; sourceTree = "<group>"; };
		54F6B33129AF991000914889 /* CheckEmailModel.swift */ = {isa = PBXFileReference; lastKnownFileType = sourcecode.swift; path = CheckEmailModel.swift; sourceTree = "<group>"; };
		54F6B33329AF9FA500914889 /* CheckNicknameModel.swift */ = {isa = PBXFileReference; lastKnownFileType = sourcecode.swift; path = CheckNicknameModel.swift; sourceTree = "<group>"; };
		54F80D1C2985275F00102772 /* ViewExtension.swift */ = {isa = PBXFileReference; lastKnownFileType = sourcecode.swift; path = ViewExtension.swift; sourceTree = "<group>"; };
		54F80D1F2985478A00102772 /* HomeView.swift */ = {isa = PBXFileReference; lastKnownFileType = sourcecode.swift; path = HomeView.swift; sourceTree = "<group>"; };
		54F981A4297BF45800D7E450 /* MainBanner.swift */ = {isa = PBXFileReference; lastKnownFileType = sourcecode.swift; path = MainBanner.swift; sourceTree = "<group>"; };
		54F981A6297BF48400D7E450 /* EventProductCell.swift */ = {isa = PBXFileReference; lastKnownFileType = sourcecode.swift; path = EventProductCell.swift; sourceTree = "<group>"; };
		54F981A8297BF4B600D7E450 /* PopularProductCell.swift */ = {isa = PBXFileReference; lastKnownFileType = sourcecode.swift; path = PopularProductCell.swift; sourceTree = "<group>"; };
		54F981AA297BF4D700D7E450 /* ReviewCell.swift */ = {isa = PBXFileReference; lastKnownFileType = sourcecode.swift; path = ReviewCell.swift; sourceTree = "<group>"; };
		54F981AC297E4E3500D7E450 /* EventProducts.swift */ = {isa = PBXFileReference; lastKnownFileType = sourcecode.swift; path = EventProducts.swift; sourceTree = "<group>"; };
		54F981AE297E635B00D7E450 /* PopularProducts.swift */ = {isa = PBXFileReference; lastKnownFileType = sourcecode.swift; path = PopularProducts.swift; sourceTree = "<group>"; };
		54F981B0297E72E200D7E450 /* MainTabView.swift */ = {isa = PBXFileReference; lastKnownFileType = sourcecode.swift; path = MainTabView.swift; sourceTree = "<group>"; };
		668CC38729659B9200416C2F /* SignupPasswordView.swift */ = {isa = PBXFileReference; lastKnownFileType = sourcecode.swift; path = SignupPasswordView.swift; sourceTree = "<group>"; };
		D506C05C29AF24D100B9EA96 /* DetailItemView.swift */ = {isa = PBXFileReference; lastKnownFileType = sourcecode.swift; path = DetailItemView.swift; sourceTree = "<group>"; };
		D506C05E29AF32AB00B9EA96 /* ItemDetailView.swift */ = {isa = PBXFileReference; lastKnownFileType = sourcecode.swift; path = ItemDetailView.swift; sourceTree = "<group>"; };
		D506C06029AF3A1900B9EA96 /* ReviewTextCell.swift */ = {isa = PBXFileReference; lastKnownFileType = sourcecode.swift; path = ReviewTextCell.swift; sourceTree = "<group>"; };
		D509BE91298259CF00C4492C /* PopularReview.swift */ = {isa = PBXFileReference; lastKnownFileType = sourcecode.swift; path = PopularReview.swift; sourceTree = "<group>"; };
		D5291D41299E2F42001D3276 /* ImagePicker.swift */ = {isa = PBXFileReference; lastKnownFileType = sourcecode.swift; path = ImagePicker.swift; sourceTree = "<group>"; };
		D53658BE2A236A3400B484F9 /* reviewStarButton.swift */ = {isa = PBXFileReference; lastKnownFileType = sourcecode.swift; path = reviewStarButton.swift; sourceTree = "<group>"; };
		D53658CC2A2C7A5C00B484F9 /* SortSelectView.swift */ = {isa = PBXFileReference; lastKnownFileType = sourcecode.swift; path = SortSelectView.swift; sourceTree = "<group>"; };
		D5409FE22994FA650034B250 /* EditReviewView.swift */ = {isa = PBXFileReference; lastKnownFileType = sourcecode.swift; path = EditReviewView.swift; sourceTree = "<group>"; };
		D5409FE42994FA9A0034B250 /* SelectProductView.swift */ = {isa = PBXFileReference; lastKnownFileType = sourcecode.swift; path = SelectProductView.swift; sourceTree = "<group>"; };
		D5409FE6299502AC0034B250 /* EditLetterView.swift */ = {isa = PBXFileReference; lastKnownFileType = sourcecode.swift; path = EditLetterView.swift; sourceTree = "<group>"; };
		D5409FE829950B1B0034B250 /* ReviewPhotoView.swift */ = {isa = PBXFileReference; lastKnownFileType = sourcecode.swift; path = ReviewPhotoView.swift; sourceTree = "<group>"; };
		D560E25229A4CCA40018E8FB /* SearchResultView.swift */ = {isa = PBXFileReference; lastKnownFileType = sourcecode.swift; path = SearchResultView.swift; sourceTree = "<group>"; };
		D560E25429A4D0480018E8FB /* SearchResultItemView.swift */ = {isa = PBXFileReference; lastKnownFileType = sourcecode.swift; path = SearchResultItemView.swift; sourceTree = "<group>"; };
		D56B26B62A35A9F000237983 /* ImageAPI.swift */ = {isa = PBXFileReference; lastKnownFileType = sourcecode.swift; path = ImageAPI.swift; sourceTree = "<group>"; };
		D57E78A629F531A500F35DFC /* Security.xcconfig */ = {isa = PBXFileReference; fileEncoding = 4; lastKnownFileType = text.xcconfig; path = Security.xcconfig; sourceTree = "<group>"; };
		D57E78A929F539C500F35DFC /* MyInfoView.swift */ = {isa = PBXFileReference; lastKnownFileType = sourcecode.swift; path = MyInfoView.swift; sourceTree = "<group>"; };
		D57E78AB29F6B91700F35DFC /* MyInfoEditView.swift */ = {isa = PBXFileReference; lastKnownFileType = sourcecode.swift; path = MyInfoEditView.swift; sourceTree = "<group>"; };
		D57E78AD29F8092B00F35DFC /* MyInfoEditImagePicker.swift */ = {isa = PBXFileReference; lastKnownFileType = sourcecode.swift; path = MyInfoEditImagePicker.swift; sourceTree = "<group>"; };
		D57E78AF29FFE19900F35DFC /* PriceScrollButton.swift */ = {isa = PBXFileReference; lastKnownFileType = sourcecode.swift; path = PriceScrollButton.swift; sourceTree = "<group>"; };
		D57E78B12A16519F00F35DFC /* UserSettingView.swift */ = {isa = PBXFileReference; lastKnownFileType = sourcecode.swift; path = UserSettingView.swift; sourceTree = "<group>"; };
		D57E78B32A1655C700F35DFC /* CustomToggle.swift */ = {isa = PBXFileReference; lastKnownFileType = sourcecode.swift; path = CustomToggle.swift; sourceTree = "<group>"; };
		D57E794F2A1A25D800F35DFC /* KeyboardResponder.swift */ = {isa = PBXFileReference; lastKnownFileType = sourcecode.swift; path = KeyboardResponder.swift; sourceTree = "<group>"; };
		D5D1BCAE29938B8C00F25941 /* UserPageView.swift */ = {isa = PBXFileReference; lastKnownFileType = sourcecode.swift; path = UserPageView.swift; sourceTree = "<group>"; };
		D5D1BCB02993966A00F25941 /* UserInfoView.swift */ = {isa = PBXFileReference; lastKnownFileType = sourcecode.swift; path = UserInfoView.swift; sourceTree = "<group>"; };
		D5D1BCB22993982E00F25941 /* WriteReviewsView.swift */ = {isa = PBXFileReference; lastKnownFileType = sourcecode.swift; path = WriteReviewsView.swift; sourceTree = "<group>"; };
		D5D1BCB429939AA800F25941 /* ReviewView.swift */ = {isa = PBXFileReference; lastKnownFileType = sourcecode.swift; path = ReviewView.swift; sourceTree = "<group>"; };
/* End PBXFileReference section */

/* Begin PBXFrameworksBuildPhase section */
		54CC11DF29571E52007DAD20 /* Frameworks */ = {
			isa = PBXFrameworksBuildPhase;
			buildActionMask = 2147483647;
			files = (
				54159D2229F154C30085CF08 /* Kingfisher in Frameworks */,
				54B8F6A92997722D00E19FFF /* WrappingHStack in Frameworks */,
				54C71D5329AB8EC200FAFDCD /* Alamofire in Frameworks */,
				54E58D6829B620E900958789 /* UIWindowTransitions in Frameworks */,
				54AA0E052A19F1070031190D /* SwiftyGif in Frameworks */,
			);
			runOnlyForDeploymentPostprocessing = 0;
		};
/* End PBXFrameworksBuildPhase section */

/* Begin PBXGroup section */
		5403AEBB295723E800FB7253 /* Resources */ = {
			isa = PBXGroup;
			children = (
				54AA0E082A19F4C30031190D /* GIF */,
				54CC11E929571E54007DAD20 /* Assets.xcassets */,
				D57E78A629F531A500F35DFC /* Security.xcconfig */,
				5403AED02957251100FB7253 /* Fonts */,
				543CEABB29CF142B00CDB0C8 /* UserShared.swift */,
			);
			path = Resources;
			sourceTree = "<group>";
		};
		5403AED02957251100FB7253 /* Fonts */ = {
			isa = PBXGroup;
			children = (
				5403AED72957252B00FB7253 /* Pretendard-Black.ttf */,
				5403AED12957252B00FB7253 /* Pretendard-Bold.ttf */,
				5403AED62957252B00FB7253 /* Pretendard-ExtraBold.ttf */,
				5403AED82957252B00FB7253 /* Pretendard-ExtraLight.ttf */,
				5403AED22957252B00FB7253 /* Pretendard-Light.ttf */,
				5403AED52957252B00FB7253 /* Pretendard-Medium.ttf */,
				5403AED42957252B00FB7253 /* Pretendard-Regular.ttf */,
				5403AED92957252B00FB7253 /* Pretendard-SemiBold.ttf */,
				5403AED32957252B00FB7253 /* Pretendard-Thin.ttf */,
			);
			path = Fonts;
			sourceTree = "<group>";
		};
		5403AEE62957274700FB7253 /* Extensions */ = {
			isa = PBXGroup;
			children = (
				5403AEE72957275B00FB7253 /* FontExtension.swift */,
				5403AEE9295729C500FB7253 /* ColorExtension.swift */,
				54126CB929584327009D5A09 /* ImageExtension.swift */,
				54D0101E295F412600FACB90 /* StringExtension.swift */,
				54F80D1C2985275F00102772 /* ViewExtension.swift */,
				5462B77729A0D2E20063C450 /* ArrayExtension.swift */,
				5493BE242A0F876B00CC127B /* UINavigationControllerExtension.swift */,
				54915CCD2A63F3510076E442 /* DateExtension.swift */,
			);
			path = Extensions;
			sourceTree = "<group>";
		};
		54126CB229581D21009D5A09 /* ReusableUI */ = {
			isa = PBXGroup;
			children = (
				D5D1BCB02993966A00F25941 /* UserInfoView.swift */,
				54F981AA297BF4D700D7E450 /* ReviewCell.swift */,
				54126CB329581F56009D5A09 /* TextFieldWithTitle.swift */,
				542F03A52997893A00DBF9C8 /* TopTabBar.swift */,
				544CE40A2998BE5200EA9223 /* SearchFilterView.swift */,
				544CE40C2998D67E00EA9223 /* SelectableButton.swift */,
				544CE40E2998F03400EA9223 /* ReviewUserInfo.swift */,
				5462B77929A0DF830063C450 /* ToastMessage.swift */,
				54C71D4F29AB55B900FAFDCD /* BottomSheet.swift */,
				D506C06029AF3A1900B9EA96 /* ReviewTextCell.swift */,
				5420D1B929F02AB200A78000 /* SearchBar.swift */,
				D57E78AF29FFE19900F35DFC /* PriceScrollButton.swift */,
				54AA0E062A19F3260031190D /* LoadingView.swift */,
				D53658BE2A236A3400B484F9 /* reviewStarButton.swift */,
				D53658CC2A2C7A5C00B484F9 /* SortSelectView.swift */,
				D57E78B32A1655C700F35DFC /* CustomToggle.swift */,
				5496CBF82A530A2A003DF7E3 /* ImageDetailView.swift */,
				548FF9012A59680E00C5875F /* ReviewFilterView.swift */,
			);
			path = ReusableUI;
			sourceTree = "<group>";
		};
		54126CBC29585BA3009D5A09 /* Views */ = {
			isa = PBXGroup;
			children = (
				5420D1BB29F02AC600A78000 /* Search */,
				543CEAB629CEF6E800CDB0C8 /* Splash */,
				D506C05B29AF24B600B9EA96 /* DetailItemView */,
				D560E25129A4CC8C0018E8FB /* SearchResultView */,
				54F981B0297E72E200D7E450 /* MainTabView.swift */,
				54126CBD29585BA7009D5A09 /* Login */,
				54F80D1E2985478000102772 /* Home */,
				54F3C3E6298C001300C10FF5 /* Review */,
				D57E78A829F539A600F35DFC /* MyInfo */,
			);
			path = Views;
			sourceTree = "<group>";
		};
		54126CBD29585BA7009D5A09 /* Login */ = {
			isa = PBXGroup;
			children = (
				54126CC029585BD6009D5A09 /* LoginView.swift */,
				545AC7D3295B3A23002D6853 /* InputPasswordView.swift */,
				668CC38729659B9200416C2F /* SignupPasswordView.swift */,
				54C50C6D296984A60092AF39 /* SignupCheckPasswordView.swift */,
				54C50C6F2969D40D0092AF39 /* SignupNicknameView.swift */,
				54F6457D296C563B00F423B1 /* TermsAndPolicyView.swift */,
				54ABE02D297408DC00312B9D /* SignupSelectTagView.swift */,
				5418328929B21FBB002DA931 /* SignUpSuccessView.swift */,
			);
			path = Login;
			sourceTree = "<group>";
		};
		5418328829B21E2C002DA931 /* Login */ = {
			isa = PBXGroup;
			children = (
				54AFA1F029ACFFB50058DB39 /* TagsModel.swift */,
				54F6B33129AF991000914889 /* CheckEmailModel.swift */,
				54F6B33329AF9FA500914889 /* CheckNicknameModel.swift */,
				54070B6029B0EF5E00D87F51 /* SignUpModel.swift */,
				5418328629B21E29002DA931 /* LoginModel.swift */,
			);
			path = Login;
			sourceTree = "<group>";
		};
		54192BC6298177DF0048235C /* Utils */ = {
			isa = PBXGroup;
			children = (
				54C71D4D29AB559E00FAFDCD /* RoundedCorner.swift */,
				D57E794F2A1A25D800F35DFC /* KeyboardResponder.swift */,
			);
			path = Utils;
			sourceTree = "<group>";
		};
		5420D1BB29F02AC600A78000 /* Search */ = {
			isa = PBXGroup;
			children = (
				5420D1BC29F02AD000A78000 /* SearchStartView.swift */,
				5420D1BF29F02AEF00A78000 /* SearchHomeView.swift */,
			);
			path = Search;
			sourceTree = "<group>";
		};
		5427B7172A72977000523048 /* MyInfo */ = {
			isa = PBXGroup;
			children = (
				5427B7182A72978300523048 /* MyInfoViewModel.swift */,
			);
			path = MyInfo;
			sourceTree = "<group>";
		};
		5427B71A2A729B0E00523048 /* UserInfo */ = {
			isa = PBXGroup;
			children = (
				5427B71B2A729B1B00523048 /* UserLikeList.swift */,
				5490B4A32A93976800A49949 /* UserInfoModel.swift */,
				54744FE52A97843F00905CA8 /* NoticeListModel.swift */,
				54C9DC062AA4CF06001AC84D /* NoticeDetailModel.swift */,
				549F8F392B03AAC40029FB0A /* TagMatchModel.swift */,
			);
			path = UserInfo;
			sourceTree = "<group>";
		};
		543CEAB629CEF6E800CDB0C8 /* Splash */ = {
			isa = PBXGroup;
			children = (
				543CEAB729CEF70C00CDB0C8 /* SplashView.swift */,
			);
			path = Splash;
			sourceTree = "<group>";
		};
		543CEABF29CF1B7F00CDB0C8 /* Base */ = {
			isa = PBXGroup;
			children = (
				54F6B32F29AF562C00914889 /* API.swift */,
				54AFA1ED29ACF9840058DB39 /* APIManager.swift */,
				54C4A09A29B3310900A33862 /* EndPoint.swift */,
				543CEAC029CF1DAB00CDB0C8 /* Interceptor.swift */,
			);
			path = Base;
			sourceTree = "<group>";
		};
		54632D242A5A6C1C00F8B55B /* Splash */ = {
			isa = PBXGroup;
			children = (
				54632D252A5A6C2500F8B55B /* SplashViewModel.swift */,
			);
			path = Splash;
			sourceTree = "<group>";
		};
		547BE29529631F310069828A /* ViewModels */ = {
			isa = PBXGroup;
			children = (
				54D879652B1D8C89008A43E1 /* Home */,
				54632D242A5A6C1C00F8B55B /* Splash */,
				549CBA802A2F1BD10074AFA5 /* Review */,
				5485EB7529EC0CB000FDB56B /* Search */,
				547BE29829631F4F0069828A /* Login */,
				5427B7172A72977000523048 /* MyInfo */,
			);
			path = ViewModels;
			sourceTree = "<group>";
		};
		547BE29829631F4F0069828A /* Login */ = {
			isa = PBXGroup;
			children = (
				547BE29629631F440069828A /* LoginViewModel.swift */,
			);
			path = Login;
			sourceTree = "<group>";
		};
		5482CA862A4335330080C7E3 /* Review */ = {
			isa = PBXGroup;
			children = (
				5482CA872A4335560080C7E3 /* ReviewListModel.swift */,
				544041912A4835B700FE2B61 /* ProductReviewsModel.swift */,
			);
			path = Review;
			sourceTree = "<group>";
		};
		5485EB7529EC0CB000FDB56B /* Search */ = {
			isa = PBXGroup;
			children = (
				5485EB7629EC0F7200FDB56B /* SearchViewModel.swift */,
			);
			path = Search;
			sourceTree = "<group>";
		};
		549CBA802A2F1BD10074AFA5 /* Review */ = {
			isa = PBXGroup;
			children = (
				549CBA822A2F1BF20074AFA5 /* ReviewViewModel.swift */,
			);
			path = Review;
			sourceTree = "<group>";
		};
		54AA0E082A19F4C30031190D /* GIF */ = {
			isa = PBXGroup;
			children = (
				54C9586D2A1CFC3500087679 /* LoadingGIF.gif */,
			);
			path = GIF;
			sourceTree = "<group>";
		};
		54AFA1EF29ACFF990058DB39 /* Model */ = {
			isa = PBXGroup;
			children = (
				54D879682B1D8F00008A43E1 /* Home */,
				5427B71A2A729B0E00523048 /* UserInfo */,
				549CBA872A2F20820074AFA5 /* EmptyResponse.swift */,
				54422CF12A3489D8007120FC /* ErrorResponse.swift */,
				54CF51B229EEDA2400FC492F /* Search */,
				5418328829B21E2C002DA931 /* Login */,
				5482CA862A4335330080C7E3 /* Review */,
			);
			path = Model;
			sourceTree = "<group>";
		};
		54C71D5429AB8ECE00FAFDCD /* Network */ = {
			isa = PBXGroup;
			children = (
				543CEABF29CF1B7F00CDB0C8 /* Base */,
				54AFA1E929ACEA130058DB39 /* UserAPI.swift */,
				543CEABD29CF1B1000CDB0C8 /* AuthAPI.swift */,
				543CEAC229CF2A5900CDB0C8 /* ProductsAPI.swift */,
				549CBA842A2F1C980074AFA5 /* ReviewAPI.swift */,
				D56B26B62A35A9F000237983 /* ImageAPI.swift */,
			);
			path = Network;
			sourceTree = "<group>";
		};
		54CC11D929571E52007DAD20 = {
			isa = PBXGroup;
			children = (
				54CC11E429571E52007DAD20 /* PyeonHae */,
				54CC11E329571E52007DAD20 /* Products */,
			);
			sourceTree = "<group>";
		};
		54CC11E329571E52007DAD20 /* Products */ = {
			isa = PBXGroup;
			children = (
				54CC11E229571E52007DAD20 /* PyeonHae.app */,
			);
			name = Products;
			sourceTree = "<group>";
		};
		54CC11E429571E52007DAD20 /* PyeonHae */ = {
			isa = PBXGroup;
			children = (
				54AFA1EF29ACFF990058DB39 /* Model */,
				54C71D5429AB8ECE00FAFDCD /* Network */,
				54192BC6298177DF0048235C /* Utils */,
				54126CBC29585BA3009D5A09 /* Views */,
				547BE29529631F310069828A /* ViewModels */,
				54D01019295F3E2600FACB90 /* Constants */,
				5403AEBB295723E800FB7253 /* Resources */,
				54126CB229581D21009D5A09 /* ReusableUI */,
				5403AEE62957274700FB7253 /* Extensions */,
				5403AECF2957247400FB7253 /* Info.plist */,
				54CC11E529571E52007DAD20 /* PyeonHaeApp.swift */,
				54CC11EB29571E54007DAD20 /* Preview Content */,
			);
			path = PyeonHae;
			sourceTree = "<group>";
		};
		54CC11EB29571E54007DAD20 /* Preview Content */ = {
			isa = PBXGroup;
			children = (
				54CC11EC29571E54007DAD20 /* Preview Assets.xcassets */,
			);
			path = "Preview Content";
			sourceTree = "<group>";
		};
		54CF51B229EEDA2400FC492F /* Search */ = {
			isa = PBXGroup;
			children = (
				543CEAC429CF4AB700CDB0C8 /* FiltersModel.swift */,
				543DCA8629F03564000CDAF0 /* Products.swift */,
				54F0C23029F9684900CBF83C /* ProductDetail.swift */,
				54F0C23429F9782D00CBF83C /* ProductLikeModel.swift */,
				54F0C23629F9783900CBF83C /* ProductUnLikeModel.swift */,
				54F0C23829F9785000CBF83C /* ProductBookmarkModel.swift */,
				54F0C23A29F9785800CBF83C /* ProductUnBookmarkModel.swift */,
				54915CC92A63DEEB0076E442 /* SearchedProduct.swift */,
				54915CCB2A63ECDB0076E442 /* SearchedKeyword.swift */,
				5408F3A42B280EF400EE78F5 /* ProductTags.swift */,
			);
			path = Search;
			sourceTree = "<group>";
		};
		54D01019295F3E2600FACB90 /* Constants */ = {
			isa = PBXGroup;
			children = (
				54D0101A295F3E5800FACB90 /* Constants.swift */,
				54D0101C295F3E9400FACB90 /* RegexConstants.swift */,
			);
			path = Constants;
			sourceTree = "<group>";
		};
		54D879652B1D8C89008A43E1 /* Home */ = {
			isa = PBXGroup;
			children = (
				54D879662B1D8C9D008A43E1 /* HomeViewModel.swift */,
			);
			path = Home;
			sourceTree = "<group>";
		};
		54D879682B1D8F00008A43E1 /* Home */ = {
			isa = PBXGroup;
			children = (
				54D8796B2B1D8F3A008A43E1 /* PromotionsModel.swift */,
			);
			name = Home;
			path = "쾌ㅡㄷ";
			sourceTree = "<group>";
		};
		54F3C3E6298C001300C10FF5 /* Review */ = {
			isa = PBXGroup;
			children = (
				54F3C3E7298C025200C10FF5 /* ReviewHome.swift */,
				D5409FE12994FA4F0034B250 /* EditReview */,
				D5D1BCAD29938B6D00F25941 /* UserDetailView */,
			);
			path = Review;
			sourceTree = "<group>";
		};
		54F80D1E2985478000102772 /* Home */ = {
			isa = PBXGroup;
			children = (
				54F80D1F2985478A00102772 /* HomeView.swift */,
				54FBDB8229A0F0AE0008C846 /* MainBanner */,
				54FBDB8329A0F0B60008C846 /* EventProduct */,
				54FBDB8429A0F0EE0008C846 /* PopularProduct */,
				54FBDB8529A0F1210008C846 /* PopularReview */,
			);
			path = Home;
			sourceTree = "<group>";
		};
		54FBDB8229A0F0AE0008C846 /* MainBanner */ = {
			isa = PBXGroup;
			children = (
				54F981A4297BF45800D7E450 /* MainBanner.swift */,
			);
			path = MainBanner;
			sourceTree = "<group>";
		};
		54FBDB8329A0F0B60008C846 /* EventProduct */ = {
			isa = PBXGroup;
			children = (
				54F981A6297BF48400D7E450 /* EventProductCell.swift */,
				54F981AC297E4E3500D7E450 /* EventProducts.swift */,
			);
			path = EventProduct;
			sourceTree = "<group>";
		};
		54FBDB8429A0F0EE0008C846 /* PopularProduct */ = {
			isa = PBXGroup;
			children = (
				54F981A8297BF4B600D7E450 /* PopularProductCell.swift */,
				54F981AE297E635B00D7E450 /* PopularProducts.swift */,
			);
			path = PopularProduct;
			sourceTree = "<group>";
		};
		54FBDB8529A0F1210008C846 /* PopularReview */ = {
			isa = PBXGroup;
			children = (
				D509BE91298259CF00C4492C /* PopularReview.swift */,
				D5D1BCB429939AA800F25941 /* ReviewView.swift */,
			);
			path = PopularReview;
			sourceTree = "<group>";
		};
		D506C05B29AF24B600B9EA96 /* DetailItemView */ = {
			isa = PBXGroup;
			children = (
				D506C05C29AF24D100B9EA96 /* DetailItemView.swift */,
				D506C05E29AF32AB00B9EA96 /* ItemDetailView.swift */,
			);
			path = DetailItemView;
			sourceTree = "<group>";
		};
		D5409FE12994FA4F0034B250 /* EditReview */ = {
			isa = PBXGroup;
			children = (
				D5409FE22994FA650034B250 /* EditReviewView.swift */,
				D5409FE42994FA9A0034B250 /* SelectProductView.swift */,
				D5409FE6299502AC0034B250 /* EditLetterView.swift */,
				D5409FE829950B1B0034B250 /* ReviewPhotoView.swift */,
				D5291D41299E2F42001D3276 /* ImagePicker.swift */,
				54C71D4B29A9E8B400FAFDCD /* SearchProductView.swift */,
			);
			path = EditReview;
			sourceTree = "<group>";
		};
		D560E25129A4CC8C0018E8FB /* SearchResultView */ = {
			isa = PBXGroup;
			children = (
				D560E25229A4CCA40018E8FB /* SearchResultView.swift */,
				D560E25429A4D0480018E8FB /* SearchResultItemView.swift */,
			);
			path = SearchResultView;
			sourceTree = "<group>";
		};
		D57E78A829F539A600F35DFC /* MyInfo */ = {
			isa = PBXGroup;
			children = (
				D57E78A929F539C500F35DFC /* MyInfoView.swift */,
				D57E78AB29F6B91700F35DFC /* MyInfoEditView.swift */,
				D57E78AD29F8092B00F35DFC /* MyInfoEditImagePicker.swift */,
				D57E78B12A16519F00F35DFC /* UserSettingView.swift */,
				5427B7112A7290E300523048 /* MyReviewView.swift */,
				5427B7132A7292A500523048 /* MyLikeView.swift */,
				5427B7152A7292B200523048 /* MyBookmarkView.swift */,
				54C9DC022AA4BF08001AC84D /* NoticeListView.swift */,
				54C9DC042AA4C6B2001AC84D /* NoticeDetailView.swift */,
			);
			path = MyInfo;
			sourceTree = "<group>";
		};
		D5D1BCAD29938B6D00F25941 /* UserDetailView */ = {
			isa = PBXGroup;
			children = (
				D5D1BCAE29938B8C00F25941 /* UserPageView.swift */,
				D5D1BCB22993982E00F25941 /* WriteReviewsView.swift */,
			);
			path = UserDetailView;
			sourceTree = "<group>";
		};
/* End PBXGroup section */

/* Begin PBXNativeTarget section */
		54CC11E129571E52007DAD20 /* PyeonHae */ = {
			isa = PBXNativeTarget;
			buildConfigurationList = 54CC11F029571E54007DAD20 /* Build configuration list for PBXNativeTarget "PyeonHae" */;
			buildPhases = (
				54CC11DE29571E52007DAD20 /* Sources */,
				54CC11DF29571E52007DAD20 /* Frameworks */,
				54CC11E029571E52007DAD20 /* Resources */,
			);
			buildRules = (
			);
			dependencies = (
			);
			name = PyeonHae;
			packageProductDependencies = (
				54B8F6A82997722D00E19FFF /* WrappingHStack */,
				54C71D5229AB8EC200FAFDCD /* Alamofire */,
				54E58D6729B620E900958789 /* UIWindowTransitions */,
				54159D2129F154C30085CF08 /* Kingfisher */,
				54AA0E042A19F1070031190D /* SwiftyGif */,
			);
			productName = PyeonHae;
			productReference = 54CC11E229571E52007DAD20 /* PyeonHae.app */;
			productType = "com.apple.product-type.application";
		};
/* End PBXNativeTarget section */

/* Begin PBXProject section */
		54CC11DA29571E52007DAD20 /* Project object */ = {
			isa = PBXProject;
			attributes = {
				BuildIndependentTargetsInParallel = 1;
				LastSwiftUpdateCheck = 1410;
				LastUpgradeCheck = 1410;
				TargetAttributes = {
					54CC11E129571E52007DAD20 = {
						CreatedOnToolsVersion = 14.1;
					};
				};
			};
			buildConfigurationList = 54CC11DD29571E52007DAD20 /* Build configuration list for PBXProject "PyeonHae" */;
			compatibilityVersion = "Xcode 14.0";
			developmentRegion = en;
			hasScannedForEncodings = 0;
			knownRegions = (
				en,
				Base,
			);
			mainGroup = 54CC11D929571E52007DAD20;
			packageReferences = (
				54B8F6A72997722D00E19FFF /* XCRemoteSwiftPackageReference "WrappingHStack" */,
				54C71D5129AB8EC200FAFDCD /* XCRemoteSwiftPackageReference "Alamofire" */,
				54E58D6629B620E900958789 /* XCRemoteSwiftPackageReference "UIWindowTransitions" */,
				54159D2029F154C30085CF08 /* XCRemoteSwiftPackageReference "Kingfisher" */,
				54AA0E032A19F1070031190D /* XCRemoteSwiftPackageReference "SwiftyGif" */,
			);
			productRefGroup = 54CC11E329571E52007DAD20 /* Products */;
			projectDirPath = "";
			projectRoot = "";
			targets = (
				54CC11E129571E52007DAD20 /* PyeonHae */,
			);
		};
/* End PBXProject section */

/* Begin PBXResourcesBuildPhase section */
		54CC11E029571E52007DAD20 /* Resources */ = {
			isa = PBXResourcesBuildPhase;
			buildActionMask = 2147483647;
			files = (
				54CC11ED29571E54007DAD20 /* Preview Assets.xcassets in Resources */,
				54C9586E2A1CFC3500087679 /* LoadingGIF.gif in Resources */,
				5403AEDC2957252B00FB7253 /* Pretendard-Thin.ttf in Resources */,
				5403AEDD2957252B00FB7253 /* Pretendard-Regular.ttf in Resources */,
				5403AEDA2957252B00FB7253 /* Pretendard-Bold.ttf in Resources */,
				D57E78A729F531A500F35DFC /* Security.xcconfig in Resources */,
				5403AEDB2957252B00FB7253 /* Pretendard-Light.ttf in Resources */,
				5403AEE22957252B00FB7253 /* Pretendard-SemiBold.ttf in Resources */,
				5403AEDE2957252B00FB7253 /* Pretendard-Medium.ttf in Resources */,
				54CC11EA29571E54007DAD20 /* Assets.xcassets in Resources */,
				5403AEE12957252B00FB7253 /* Pretendard-ExtraLight.ttf in Resources */,
				5403AEDF2957252B00FB7253 /* Pretendard-ExtraBold.ttf in Resources */,
				5403AEE02957252B00FB7253 /* Pretendard-Black.ttf in Resources */,
			);
			runOnlyForDeploymentPostprocessing = 0;
		};
/* End PBXResourcesBuildPhase section */

/* Begin PBXSourcesBuildPhase section */
		54CC11DE29571E52007DAD20 /* Sources */ = {
			isa = PBXSourcesBuildPhase;
			buildActionMask = 2147483647;
			files = (
				54F80D202985478A00102772 /* HomeView.swift in Sources */,
				D57E78AE29F8092B00F35DFC /* MyInfoEditImagePicker.swift in Sources */,
				668CC38829659B9200416C2F /* SignupPasswordView.swift in Sources */,
				D5409FE32994FA650034B250 /* EditReviewView.swift in Sources */,
				545AC7D4295B3A23002D6853 /* InputPasswordView.swift in Sources */,
				544CE40F2998F03400EA9223 /* ReviewUserInfo.swift in Sources */,
				D57E79502A1A25D800F35DFC /* KeyboardResponder.swift in Sources */,
				54F6B33429AF9FA500914889 /* CheckNicknameModel.swift in Sources */,
				54D0101D295F3E9400FACB90 /* RegexConstants.swift in Sources */,
				54F981A9297BF4B600D7E450 /* PopularProductCell.swift in Sources */,
				5403AEE82957275C00FB7253 /* FontExtension.swift in Sources */,
				5493BE252A0F876B00CC127B /* UINavigationControllerExtension.swift in Sources */,
				54C9DC072AA4CF06001AC84D /* NoticeDetailModel.swift in Sources */,
				54F0C23529F9782D00CBF83C /* ProductLikeModel.swift in Sources */,
				54F3C3E8298C025200C10FF5 /* ReviewHome.swift in Sources */,
				543CEAC129CF1DAB00CDB0C8 /* Interceptor.swift in Sources */,
				D5409FE929950B1B0034B250 /* ReviewPhotoView.swift in Sources */,
				54C71D5029AB55B900FAFDCD /* BottomSheet.swift in Sources */,
				54915CCA2A63DEEB0076E442 /* SearchedProduct.swift in Sources */,
				5485EB7729EC0F7200FDB56B /* SearchViewModel.swift in Sources */,
				D5409FE7299502AC0034B250 /* EditLetterView.swift in Sources */,
				54F981AD297E4E3500D7E450 /* EventProducts.swift in Sources */,
				543CEABC29CF142B00CDB0C8 /* UserShared.swift in Sources */,
				D560E25529A4D0480018E8FB /* SearchResultItemView.swift in Sources */,
				54C71D4C29A9E8B400FAFDCD /* SearchProductView.swift in Sources */,
				5462B77A29A0DF830063C450 /* ToastMessage.swift in Sources */,
				549CBA852A2F1C980074AFA5 /* ReviewAPI.swift in Sources */,
				54F981AF297E635B00D7E450 /* PopularProducts.swift in Sources */,
				D57E78AA29F539C500F35DFC /* MyInfoView.swift in Sources */,
				543CEABE29CF1B1000CDB0C8 /* AuthAPI.swift in Sources */,
				5418328A29B21FBB002DA931 /* SignUpSuccessView.swift in Sources */,
				54ABE02E297408DC00312B9D /* SignupSelectTagView.swift in Sources */,
				D57E78AC29F6B91700F35DFC /* MyInfoEditView.swift in Sources */,
				54C50C702969D40D0092AF39 /* SignupNicknameView.swift in Sources */,
				544041922A4835B700FE2B61 /* ProductReviewsModel.swift in Sources */,
				543CEAB829CEF70C00CDB0C8 /* SplashView.swift in Sources */,
				D506C05F29AF32AB00B9EA96 /* ItemDetailView.swift in Sources */,
				54F0C23B29F9785800CBF83C /* ProductUnBookmarkModel.swift in Sources */,
				54F0C23929F9785000CBF83C /* ProductBookmarkModel.swift in Sources */,
				D53658CD2A2C7A5C00B484F9 /* SortSelectView.swift in Sources */,
				D560E25329A4CCA40018E8FB /* SearchResultView.swift in Sources */,
				54126CBA29584327009D5A09 /* ImageExtension.swift in Sources */,
				5418328729B21E29002DA931 /* LoginModel.swift in Sources */,
				544CE40B2998BE5200EA9223 /* SearchFilterView.swift in Sources */,
				54F981B1297E72E200D7E450 /* MainTabView.swift in Sources */,
				5427B7162A7292B200523048 /* MyBookmarkView.swift in Sources */,
				54F6B33229AF991000914889 /* CheckEmailModel.swift in Sources */,
				5496CBF92A530A2A003DF7E3 /* ImageDetailView.swift in Sources */,
				D5D1BCB32993982E00F25941 /* WriteReviewsView.swift in Sources */,
				54C9DC032AA4BF08001AC84D /* NoticeListView.swift in Sources */,
				54AFA1EA29ACEA130058DB39 /* UserAPI.swift in Sources */,
				54D879672B1D8C9D008A43E1 /* HomeViewModel.swift in Sources */,
				549F8F3A2B03AAC40029FB0A /* TagMatchModel.swift in Sources */,
				D56B26B72A35A9F000237983 /* ImageAPI.swift in Sources */,
				5427B7122A7290E300523048 /* MyReviewView.swift in Sources */,
				54F80D1D2985275F00102772 /* ViewExtension.swift in Sources */,
				543CEAC329CF2A5900CDB0C8 /* ProductsAPI.swift in Sources */,
				54C50C6E296984A60092AF39 /* SignupCheckPasswordView.swift in Sources */,
				542F03A62997893A00DBF9C8 /* TopTabBar.swift in Sources */,
				54CC11E629571E52007DAD20 /* PyeonHaeApp.swift in Sources */,
				D5D1BCAF29938B8C00F25941 /* UserPageView.swift in Sources */,
				D506C06129AF3A1900B9EA96 /* ReviewTextCell.swift in Sources */,
				54C71D4E29AB559E00FAFDCD /* RoundedCorner.swift in Sources */,
				54C9DC052AA4C6B2001AC84D /* NoticeDetailView.swift in Sources */,
				D5291D42299E2F42001D3276 /* ImagePicker.swift in Sources */,
				543DCA8729F03564000CDAF0 /* Products.swift in Sources */,
				544CE40D2998D67E00EA9223 /* SelectableButton.swift in Sources */,
				D57E78B029FFE19900F35DFC /* PriceScrollButton.swift in Sources */,
				54915CCE2A63F3510076E442 /* DateExtension.swift in Sources */,
				54126CB429581F56009D5A09 /* TextFieldWithTitle.swift in Sources */,
				54C4A09B29B3310900A33862 /* EndPoint.swift in Sources */,
				54D8796C2B1D8F3A008A43E1 /* PromotionsModel.swift in Sources */,
				54632D262A5A6C2500F8B55B /* SplashViewModel.swift in Sources */,
				54126CC129585BD6009D5A09 /* LoginView.swift in Sources */,
				549CBA882A2F20820074AFA5 /* EmptyResponse.swift in Sources */,
				543CEAC529CF4AB700CDB0C8 /* FiltersModel.swift in Sources */,
				54F0C23729F9783900CBF83C /* ProductUnLikeModel.swift in Sources */,
				D57E78B42A1655C700F35DFC /* CustomToggle.swift in Sources */,
				54F981AB297BF4D700D7E450 /* ReviewCell.swift in Sources */,
				548FF9022A59680E00C5875F /* ReviewFilterView.swift in Sources */,
				D509BE92298259CF00C4492C /* PopularReview.swift in Sources */,
				5482CA882A4335560080C7E3 /* ReviewListModel.swift in Sources */,
				547BE29729631F440069828A /* LoginViewModel.swift in Sources */,
				54F6457E296C563B00F423B1 /* TermsAndPolicyView.swift in Sources */,
				5427B7192A72978300523048 /* MyInfoViewModel.swift in Sources */,
				5420D1C029F02AEF00A78000 /* SearchHomeView.swift in Sources */,
				54AA0E072A19F3260031190D /* LoadingView.swift in Sources */,
				D5D1BCB12993966A00F25941 /* UserInfoView.swift in Sources */,
				5408F3A52B280EF400EE78F5 /* ProductTags.swift in Sources */,
				54F0C23129F9684900CBF83C /* ProductDetail.swift in Sources */,
				D506C05D29AF24D100B9EA96 /* DetailItemView.swift in Sources */,
				D5D1BCB529939AA800F25941 /* ReviewView.swift in Sources */,
				54F981A5297BF45800D7E450 /* MainBanner.swift in Sources */,
				5403AEEA295729C500FB7253 /* ColorExtension.swift in Sources */,
				54F981A7297BF48400D7E450 /* EventProductCell.swift in Sources */,
				5490B4A42A93976800A49949 /* UserInfoModel.swift in Sources */,
				54AFA1F129ACFFB50058DB39 /* TagsModel.swift in Sources */,
				54AFA1EE29ACF9840058DB39 /* APIManager.swift in Sources */,
				549CBA832A2F1BF20074AFA5 /* ReviewViewModel.swift in Sources */,
				D53658BF2A236A3400B484F9 /* reviewStarButton.swift in Sources */,
				54915CCC2A63ECDB0076E442 /* SearchedKeyword.swift in Sources */,
				54744FE62A97843F00905CA8 /* NoticeListModel.swift in Sources */,
				5420D1BA29F02AB200A78000 /* SearchBar.swift in Sources */,
				D5409FE52994FA9A0034B250 /* SelectProductView.swift in Sources */,
				5462B77829A0D2E20063C450 /* ArrayExtension.swift in Sources */,
				54D0101F295F412600FACB90 /* StringExtension.swift in Sources */,
				54070B6129B0EF5E00D87F51 /* SignUpModel.swift in Sources */,
				D57E78B22A16519F00F35DFC /* UserSettingView.swift in Sources */,
				5427B7142A7292A500523048 /* MyLikeView.swift in Sources */,
				5420D1BD29F02AD000A78000 /* SearchStartView.swift in Sources */,
				54422CF22A3489D8007120FC /* ErrorResponse.swift in Sources */,
				54D0101B295F3E5800FACB90 /* Constants.swift in Sources */,
				54F6B33029AF562C00914889 /* API.swift in Sources */,
				5427B71C2A729B1B00523048 /* UserLikeList.swift in Sources */,
			);
			runOnlyForDeploymentPostprocessing = 0;
		};
/* End PBXSourcesBuildPhase section */

/* Begin XCBuildConfiguration section */
		54CC11EE29571E54007DAD20 /* Debug */ = {
			isa = XCBuildConfiguration;
			buildSettings = {
				ALWAYS_SEARCH_USER_PATHS = NO;
				CLANG_ANALYZER_NONNULL = YES;
				CLANG_ANALYZER_NUMBER_OBJECT_CONVERSION = YES_AGGRESSIVE;
				CLANG_CXX_LANGUAGE_STANDARD = "gnu++20";
				CLANG_ENABLE_MODULES = YES;
				CLANG_ENABLE_OBJC_ARC = YES;
				CLANG_ENABLE_OBJC_WEAK = YES;
				CLANG_WARN_BLOCK_CAPTURE_AUTORELEASING = YES;
				CLANG_WARN_BOOL_CONVERSION = YES;
				CLANG_WARN_COMMA = YES;
				CLANG_WARN_CONSTANT_CONVERSION = YES;
				CLANG_WARN_DEPRECATED_OBJC_IMPLEMENTATIONS = YES;
				CLANG_WARN_DIRECT_OBJC_ISA_USAGE = YES_ERROR;
				CLANG_WARN_DOCUMENTATION_COMMENTS = YES;
				CLANG_WARN_EMPTY_BODY = YES;
				CLANG_WARN_ENUM_CONVERSION = YES;
				CLANG_WARN_INFINITE_RECURSION = YES;
				CLANG_WARN_INT_CONVERSION = YES;
				CLANG_WARN_NON_LITERAL_NULL_CONVERSION = YES;
				CLANG_WARN_OBJC_IMPLICIT_RETAIN_SELF = YES;
				CLANG_WARN_OBJC_LITERAL_CONVERSION = YES;
				CLANG_WARN_OBJC_ROOT_CLASS = YES_ERROR;
				CLANG_WARN_QUOTED_INCLUDE_IN_FRAMEWORK_HEADER = YES;
				CLANG_WARN_RANGE_LOOP_ANALYSIS = YES;
				CLANG_WARN_STRICT_PROTOTYPES = YES;
				CLANG_WARN_SUSPICIOUS_MOVE = YES;
				CLANG_WARN_UNGUARDED_AVAILABILITY = YES_AGGRESSIVE;
				CLANG_WARN_UNREACHABLE_CODE = YES;
				CLANG_WARN__DUPLICATE_METHOD_MATCH = YES;
				COPY_PHASE_STRIP = NO;
				DEBUG_INFORMATION_FORMAT = dwarf;
				ENABLE_STRICT_OBJC_MSGSEND = YES;
				ENABLE_TESTABILITY = YES;
				GCC_C_LANGUAGE_STANDARD = gnu11;
				GCC_DYNAMIC_NO_PIC = NO;
				GCC_NO_COMMON_BLOCKS = YES;
				GCC_OPTIMIZATION_LEVEL = 0;
				GCC_PREPROCESSOR_DEFINITIONS = (
					"DEBUG=1",
					"$(inherited)",
				);
				GCC_WARN_64_TO_32_BIT_CONVERSION = YES;
				GCC_WARN_ABOUT_RETURN_TYPE = YES_ERROR;
				GCC_WARN_UNDECLARED_SELECTOR = YES;
				GCC_WARN_UNINITIALIZED_AUTOS = YES_AGGRESSIVE;
				GCC_WARN_UNUSED_FUNCTION = YES;
				GCC_WARN_UNUSED_VARIABLE = YES;
				IPHONEOS_DEPLOYMENT_TARGET = 15.0;
				MTL_ENABLE_DEBUG_INFO = INCLUDE_SOURCE;
				MTL_FAST_MATH = YES;
				ONLY_ACTIVE_ARCH = YES;
				SDKROOT = iphoneos;
				SWIFT_ACTIVE_COMPILATION_CONDITIONS = DEBUG;
				SWIFT_OPTIMIZATION_LEVEL = "-Onone";
			};
			name = Debug;
		};
		54CC11EF29571E54007DAD20 /* Release */ = {
			isa = XCBuildConfiguration;
			buildSettings = {
				ALWAYS_SEARCH_USER_PATHS = NO;
				CLANG_ANALYZER_NONNULL = YES;
				CLANG_ANALYZER_NUMBER_OBJECT_CONVERSION = YES_AGGRESSIVE;
				CLANG_CXX_LANGUAGE_STANDARD = "gnu++20";
				CLANG_ENABLE_MODULES = YES;
				CLANG_ENABLE_OBJC_ARC = YES;
				CLANG_ENABLE_OBJC_WEAK = YES;
				CLANG_WARN_BLOCK_CAPTURE_AUTORELEASING = YES;
				CLANG_WARN_BOOL_CONVERSION = YES;
				CLANG_WARN_COMMA = YES;
				CLANG_WARN_CONSTANT_CONVERSION = YES;
				CLANG_WARN_DEPRECATED_OBJC_IMPLEMENTATIONS = YES;
				CLANG_WARN_DIRECT_OBJC_ISA_USAGE = YES_ERROR;
				CLANG_WARN_DOCUMENTATION_COMMENTS = YES;
				CLANG_WARN_EMPTY_BODY = YES;
				CLANG_WARN_ENUM_CONVERSION = YES;
				CLANG_WARN_INFINITE_RECURSION = YES;
				CLANG_WARN_INT_CONVERSION = YES;
				CLANG_WARN_NON_LITERAL_NULL_CONVERSION = YES;
				CLANG_WARN_OBJC_IMPLICIT_RETAIN_SELF = YES;
				CLANG_WARN_OBJC_LITERAL_CONVERSION = YES;
				CLANG_WARN_OBJC_ROOT_CLASS = YES_ERROR;
				CLANG_WARN_QUOTED_INCLUDE_IN_FRAMEWORK_HEADER = YES;
				CLANG_WARN_RANGE_LOOP_ANALYSIS = YES;
				CLANG_WARN_STRICT_PROTOTYPES = YES;
				CLANG_WARN_SUSPICIOUS_MOVE = YES;
				CLANG_WARN_UNGUARDED_AVAILABILITY = YES_AGGRESSIVE;
				CLANG_WARN_UNREACHABLE_CODE = YES;
				CLANG_WARN__DUPLICATE_METHOD_MATCH = YES;
				COPY_PHASE_STRIP = NO;
				DEBUG_INFORMATION_FORMAT = "dwarf-with-dsym";
				ENABLE_NS_ASSERTIONS = NO;
				ENABLE_STRICT_OBJC_MSGSEND = YES;
				GCC_C_LANGUAGE_STANDARD = gnu11;
				GCC_NO_COMMON_BLOCKS = YES;
				GCC_WARN_64_TO_32_BIT_CONVERSION = YES;
				GCC_WARN_ABOUT_RETURN_TYPE = YES_ERROR;
				GCC_WARN_UNDECLARED_SELECTOR = YES;
				GCC_WARN_UNINITIALIZED_AUTOS = YES_AGGRESSIVE;
				GCC_WARN_UNUSED_FUNCTION = YES;
				GCC_WARN_UNUSED_VARIABLE = YES;
				IPHONEOS_DEPLOYMENT_TARGET = 15.0;
				MTL_ENABLE_DEBUG_INFO = NO;
				MTL_FAST_MATH = YES;
				SDKROOT = iphoneos;
				SWIFT_COMPILATION_MODE = wholemodule;
				SWIFT_OPTIMIZATION_LEVEL = "-O";
				VALIDATE_PRODUCT = YES;
			};
			name = Release;
		};
		54CC11F129571E54007DAD20 /* Debug */ = {
			isa = XCBuildConfiguration;
			baseConfigurationReference = D57E78A629F531A500F35DFC /* Security.xcconfig */;
			buildSettings = {
				ASSETCATALOG_COMPILER_APPICON_NAME = AppIcon;
				ASSETCATALOG_COMPILER_GLOBAL_ACCENT_COLOR_NAME = AccentColor;
				CODE_SIGN_STYLE = Automatic;
				CURRENT_PROJECT_VERSION = 1;
				DEVELOPMENT_ASSET_PATHS = "\"PyeonHae/Preview Content\"";
				DEVELOPMENT_TEAM = 842FZARC28;
				ENABLE_PREVIEWS = YES;
				GENERATE_INFOPLIST_FILE = YES;
				INFOPLIST_FILE = PyeonHae/Info.plist;
				INFOPLIST_KEY_UIApplicationSceneManifest_Generation = YES;
				INFOPLIST_KEY_UIApplicationSupportsIndirectInputEvents = YES;
				INFOPLIST_KEY_UILaunchScreen_Generation = YES;
				INFOPLIST_KEY_UIStatusBarStyle = "";
				INFOPLIST_KEY_UISupportedInterfaceOrientations_iPad = "UIInterfaceOrientationPortrait UIInterfaceOrientationPortraitUpsideDown UIInterfaceOrientationLandscapeLeft UIInterfaceOrientationLandscapeRight";
				INFOPLIST_KEY_UISupportedInterfaceOrientations_iPhone = "UIInterfaceOrientationPortrait UIInterfaceOrientationLandscapeLeft UIInterfaceOrientationLandscapeRight";
				INFOPLIST_KEY_UIUserInterfaceStyle = Light;
				IPHONEOS_DEPLOYMENT_TARGET = 15.0;
				LD_RUNPATH_SEARCH_PATHS = (
					"$(inherited)",
					"@executable_path/Frameworks",
				);
				MARKETING_VERSION = 1.0;
				PRODUCT_BUNDLE_IDENTIFIER = com.cvs.go.PyeonHae;
				PRODUCT_NAME = "$(TARGET_NAME)";
				SWIFT_EMIT_LOC_STRINGS = YES;
				SWIFT_VERSION = 5.0;
				TARGETED_DEVICE_FAMILY = "1,2";
			};
			name = Debug;
		};
		54CC11F229571E54007DAD20 /* Release */ = {
			isa = XCBuildConfiguration;
			baseConfigurationReference = D57E78A629F531A500F35DFC /* Security.xcconfig */;
			buildSettings = {
				ASSETCATALOG_COMPILER_APPICON_NAME = AppIcon;
				ASSETCATALOG_COMPILER_GLOBAL_ACCENT_COLOR_NAME = AccentColor;
				CODE_SIGN_STYLE = Automatic;
				CURRENT_PROJECT_VERSION = 1;
				DEVELOPMENT_ASSET_PATHS = "\"PyeonHae/Preview Content\"";
				DEVELOPMENT_TEAM = 842FZARC28;
				ENABLE_PREVIEWS = YES;
				GENERATE_INFOPLIST_FILE = YES;
				INFOPLIST_FILE = PyeonHae/Info.plist;
				INFOPLIST_KEY_UIApplicationSceneManifest_Generation = YES;
				INFOPLIST_KEY_UIApplicationSupportsIndirectInputEvents = YES;
				INFOPLIST_KEY_UILaunchScreen_Generation = YES;
				INFOPLIST_KEY_UIStatusBarStyle = "";
				INFOPLIST_KEY_UISupportedInterfaceOrientations_iPad = "UIInterfaceOrientationPortrait UIInterfaceOrientationPortraitUpsideDown UIInterfaceOrientationLandscapeLeft UIInterfaceOrientationLandscapeRight";
				INFOPLIST_KEY_UISupportedInterfaceOrientations_iPhone = "UIInterfaceOrientationPortrait UIInterfaceOrientationLandscapeLeft UIInterfaceOrientationLandscapeRight";
				INFOPLIST_KEY_UIUserInterfaceStyle = Light;
				IPHONEOS_DEPLOYMENT_TARGET = 15.0;
				LD_RUNPATH_SEARCH_PATHS = (
					"$(inherited)",
					"@executable_path/Frameworks",
				);
				MARKETING_VERSION = 1.0;
				PRODUCT_BUNDLE_IDENTIFIER = com.cvs.go.PyeonHae;
				PRODUCT_NAME = "$(TARGET_NAME)";
				SWIFT_EMIT_LOC_STRINGS = YES;
				SWIFT_VERSION = 5.0;
				TARGETED_DEVICE_FAMILY = "1,2";
			};
			name = Release;
		};
/* End XCBuildConfiguration section */

/* Begin XCConfigurationList section */
		54CC11DD29571E52007DAD20 /* Build configuration list for PBXProject "PyeonHae" */ = {
			isa = XCConfigurationList;
			buildConfigurations = (
				54CC11EE29571E54007DAD20 /* Debug */,
				54CC11EF29571E54007DAD20 /* Release */,
			);
			defaultConfigurationIsVisible = 0;
			defaultConfigurationName = Release;
		};
		54CC11F029571E54007DAD20 /* Build configuration list for PBXNativeTarget "PyeonHae" */ = {
			isa = XCConfigurationList;
			buildConfigurations = (
				54CC11F129571E54007DAD20 /* Debug */,
				54CC11F229571E54007DAD20 /* Release */,
			);
			defaultConfigurationIsVisible = 0;
			defaultConfigurationName = Release;
		};
/* End XCConfigurationList section */

/* Begin XCRemoteSwiftPackageReference section */
		54159D2029F154C30085CF08 /* XCRemoteSwiftPackageReference "Kingfisher" */ = {
			isa = XCRemoteSwiftPackageReference;
			repositoryURL = "https://github.com/onevcat/Kingfisher";
			requirement = {
				branch = master;
				kind = branch;
			};
		};
		54AA0E032A19F1070031190D /* XCRemoteSwiftPackageReference "SwiftyGif" */ = {
			isa = XCRemoteSwiftPackageReference;
			repositoryURL = "https://github.com/kirualex/SwiftyGif.git";
			requirement = {
				kind = upToNextMajorVersion;
				minimumVersion = 5.0.0;
			};
		};
		54B8F6A72997722D00E19FFF /* XCRemoteSwiftPackageReference "WrappingHStack" */ = {
			isa = XCRemoteSwiftPackageReference;
			repositoryURL = "https://github.com/dkk/WrappingHStack.git";
			requirement = {
				kind = upToNextMajorVersion;
				minimumVersion = 2.0.0;
			};
		};
		54C71D5129AB8EC200FAFDCD /* XCRemoteSwiftPackageReference "Alamofire" */ = {
			isa = XCRemoteSwiftPackageReference;
			repositoryURL = "https://github.com/Alamofire/Alamofire";
			requirement = {
				branch = master;
				kind = branch;
			};
		};
		54E58D6629B620E900958789 /* XCRemoteSwiftPackageReference "UIWindowTransitions" */ = {
			isa = XCRemoteSwiftPackageReference;
			repositoryURL = "https://github.com/malcommac/UIWindowTransitions";
			requirement = {
				kind = upToNextMajorVersion;
				minimumVersion = 1.0.0;
			};
		};
/* End XCRemoteSwiftPackageReference section */

/* Begin XCSwiftPackageProductDependency section */
		54159D2129F154C30085CF08 /* Kingfisher */ = {
			isa = XCSwiftPackageProductDependency;
			package = 54159D2029F154C30085CF08 /* XCRemoteSwiftPackageReference "Kingfisher" */;
			productName = Kingfisher;
		};
		54AA0E042A19F1070031190D /* SwiftyGif */ = {
			isa = XCSwiftPackageProductDependency;
			package = 54AA0E032A19F1070031190D /* XCRemoteSwiftPackageReference "SwiftyGif" */;
			productName = SwiftyGif;
		};
		54B8F6A82997722D00E19FFF /* WrappingHStack */ = {
			isa = XCSwiftPackageProductDependency;
			package = 54B8F6A72997722D00E19FFF /* XCRemoteSwiftPackageReference "WrappingHStack" */;
			productName = WrappingHStack;
		};
		54C71D5229AB8EC200FAFDCD /* Alamofire */ = {
			isa = XCSwiftPackageProductDependency;
			package = 54C71D5129AB8EC200FAFDCD /* XCRemoteSwiftPackageReference "Alamofire" */;
			productName = Alamofire;
		};
		54E58D6729B620E900958789 /* UIWindowTransitions */ = {
			isa = XCSwiftPackageProductDependency;
			package = 54E58D6629B620E900958789 /* XCRemoteSwiftPackageReference "UIWindowTransitions" */;
			productName = UIWindowTransitions;
		};
/* End XCSwiftPackageProductDependency section */
	};
	rootObject = 54CC11DA29571E52007DAD20 /* Project object */;
}
